PODS:
  - Alamofire (5.9.1)
  - Device (3.6.0)
  - Realm (10.52.2):
    - Realm/Headers (= 10.52.2)
  - Realm/Headers (10.52.2)
  - RealmSwift (10.52.2):
    - Realm (= 10.52.2)
  - SwiftMessages (10.0.0):
    - SwiftMessages/App (= 10.0.0)
  - SwiftMessages/App (10.0.0)

DEPENDENCIES:
  - Alamofire
  - Device (~> 3.6.0)
  - RealmSwift
  - SwiftMessages

SPEC REPOS:
  trunk:
    - Alamofire
    - Device
    - Realm
    - RealmSwift
    - SwiftMessages

SPEC CHECKSUMS:
  Alamofire: f36a35757af4587d8e4f4bfa223ad10be2422b8c
  Device: bd1978b3885a7a83d542f2ae0877f723be7d4ec1
  Realm: e44eb7d20fe469fe1179894fd356727b8fbe61c2
  RealmSwift: 7aacbd3101158f7d54c930bcfcfaafadbd376ffc
  SwiftMessages: d3540f0f981dfbac25bd2ae9a662effa48f76f92

PODFILE CHECKSUM: a4143f1c32ae98b2c792ca16db46a27b51d92d79

COCOAPODS: 1.15.2
