// !$*UTF8*$!
{
	archiveVersion = 1;
	classes = {
	};
	objectVersion = 56;
	objects = {

/* Begin PBXBuildFile section */
		4D1C119B2B9FF10A00FEAB9E /* ShareViewController.swift in Sources */ = {isa = PBXBuildFile; fileRef = 4D1C119A2B9FF10A00FEAB9E /* ShareViewController.swift */; };
		4D1C119D2B9FF21400FEAB9E /* FavouriteSwiftUIView.swift in Sources */ = {isa = PBXBuildFile; fileRef = 4D1C119C2B9FF21400FEAB9E /* FavouriteSwiftUIView.swift */; };
		4D3D72112BAE4CFD00105F89 /* Green@2x.png in Resources */ = {isa = PBXBuildFile; fileRef = 4D3D71FF2BAE4CFD00105F89 /* Green@2x.png */; };
		4D3D72122BAE4CFD00105F89 /* Teal.png in Resources */ = {isa = PBXBuildFile; fileRef = 4D3D72002BAE4CFD00105F89 /* Teal.png */; };
		4D3D72132BAE4CFD00105F89 /* Green@3x.png in Resources */ = {isa = PBXBuildFile; fileRef = 4D3D72012BAE4CFD00105F89 /* Green@3x.png */; };
		4D3D72142BAE4CFD00105F89 /* Teal@2x.png in Resources */ = {isa = PBXBuildFile; fileRef = 4D3D72022BAE4CFD00105F89 /* Teal@2x.png */; };
		4D3D72152BAE4CFD00105F89 /* Orange.png in Resources */ = {isa = PBXBuildFile; fileRef = 4D3D72032BAE4CFD00105F89 /* Orange.png */; };
		4D3D72162BAE4CFD00105F89 /* Sea@3x.png in Resources */ = {isa = PBXBuildFile; fileRef = 4D3D72042BAE4CFD00105F89 /* Sea@3x.png */; };
		4D3D72172BAE4CFD00105F89 /* Jaundiced@3x.png in Resources */ = {isa = PBXBuildFile; fileRef = 4D3D72052BAE4CFD00105F89 /* Jaundiced@3x.png */; };
		4D3D72182BAE4CFD00105F89 /* Jaundiced@2x.png in Resources */ = {isa = PBXBuildFile; fileRef = 4D3D72062BAE4CFD00105F89 /* Jaundiced@2x.png */; };
		4D3D72192BAE4CFD00105F89 /* Sea.png in Resources */ = {isa = PBXBuildFile; fileRef = 4D3D72072BAE4CFD00105F89 /* Sea.png */; };
		4D3D721A2BAE4CFD00105F89 /* Dark.png in Resources */ = {isa = PBXBuildFile; fileRef = 4D3D72082BAE4CFD00105F89 /* Dark.png */; };
		4D3D721B2BAE4CFD00105F89 /* Orange@2x.png in Resources */ = {isa = PBXBuildFile; fileRef = 4D3D72092BAE4CFD00105F89 /* Orange@2x.png */; };
		4D3D721C2BAE4CFD00105F89 /* Sea@2x.png in Resources */ = {isa = PBXBuildFile; fileRef = 4D3D720A2BAE4CFD00105F89 /* Sea@2x.png */; };
		4D3D721D2BAE4CFD00105F89 /* Dark@3x.png in Resources */ = {isa = PBXBuildFile; fileRef = 4D3D720B2BAE4CFD00105F89 /* Dark@3x.png */; };
		4D3D721E2BAE4CFD00105F89 /* Dark@2x.png in Resources */ = {isa = PBXBuildFile; fileRef = 4D3D720C2BAE4CFD00105F89 /* Dark@2x.png */; };
		4D3D721F2BAE4CFD00105F89 /* Teal@3x.png in Resources */ = {isa = PBXBuildFile; fileRef = 4D3D720D2BAE4CFD00105F89 /* Teal@3x.png */; };
		4D3D72202BAE4CFD00105F89 /* Green.png in Resources */ = {isa = PBXBuildFile; fileRef = 4D3D720E2BAE4CFD00105F89 /* Green.png */; };
		4D3D72212BAE4CFD00105F89 /* Jaundiced.png in Resources */ = {isa = PBXBuildFile; fileRef = 4D3D720F2BAE4CFD00105F89 /* Jaundiced.png */; };
		4D3D72222BAE4CFD00105F89 /* Orange@3x.png in Resources */ = {isa = PBXBuildFile; fileRef = 4D3D72102BAE4CFD00105F89 /* Orange@3x.png */; };
		4D416FB12B9F398B00333567 /* AppDelegate.swift in Sources */ = {isa = PBXBuildFile; fileRef = 4D416FB02B9F398B00333567 /* AppDelegate.swift */; };
		4D416FB32B9F398B00333567 /* SceneDelegate.swift in Sources */ = {isa = PBXBuildFile; fileRef = 4D416FB22B9F398B00333567 /* SceneDelegate.swift */; };
		4D416FB52B9F398B00333567 /* TipsCalulatorViewController.swift in Sources */ = {isa = PBXBuildFile; fileRef = 4D416FB42B9F398B00333567 /* TipsCalulatorViewController.swift */; };
		4D416FB82B9F398B00333567 /* Main.storyboard in Resources */ = {isa = PBXBuildFile; fileRef = 4D416FB62B9F398B00333567 /* Main.storyboard */; };
		4D416FBA2B9F399000333567 /* Assets.xcassets in Resources */ = {isa = PBXBuildFile; fileRef = 4D416FB92B9F399000333567 /* Assets.xcassets */; };
		4D416FBD2B9F399000333567 /* LaunchScreen.storyboard in Resources */ = {isa = PBXBuildFile; fileRef = 4D416FBB2B9F399000333567 /* LaunchScreen.storyboard */; };
		4D416FC82B9F399000333567 /* TipsTests.swift in Sources */ = {isa = PBXBuildFile; fileRef = 4D416FC72B9F399000333567 /* TipsTests.swift */; };
		4D416FD22B9F399000333567 /* TipsUITests.swift in Sources */ = {isa = PBXBuildFile; fileRef = 4D416FD12B9F399000333567 /* TipsUITests.swift */; };
		4D416FD42B9F399000333567 /* TipsUITestsLaunchTests.swift in Sources */ = {isa = PBXBuildFile; fileRef = 4D416FD32B9F399000333567 /* TipsUITestsLaunchTests.swift */; };
		4D548F3C2BA007F000D07A9E /* FavouriteViewController.swift in Sources */ = {isa = PBXBuildFile; fileRef = 4D548F3B2BA007F000D07A9E /* FavouriteViewController.swift */; };
		4D548F3E2BA00A8A00D07A9E /* TipGuideSwiftUIView.swift in Sources */ = {isa = PBXBuildFile; fileRef = 4D548F3D2BA00A8A00D07A9E /* TipGuideSwiftUIView.swift */; };
		4D548F402BA00BAA00D07A9E /* TipGuideViewController.swift in Sources */ = {isa = PBXBuildFile; fileRef = 4D548F3F2BA00BAA00D07A9E /* TipGuideViewController.swift */; };
		4D92B8532BAA60A300539710 /* Localizations.swift in Sources */ = {isa = PBXBuildFile; fileRef = 4D9ACDF82BA7EAB50075C3F6 /* Localizations.swift */; };
		4D9ACDEB2BA37B340075C3F6 /* TabBarViewController.swift in Sources */ = {isa = PBXBuildFile; fileRef = 4D9ACDEA2BA37B340075C3F6 /* TabBarViewController.swift */; };
		4D9ACDED2BA389450075C3F6 /* SettingsSwiftUIView.swift in Sources */ = {isa = PBXBuildFile; fileRef = 4D9ACDEC2BA389450075C3F6 /* SettingsSwiftUIView.swift */; };
		4D9ACDEF2BA38A300075C3F6 /* SettingsViewController.swift in Sources */ = {isa = PBXBuildFile; fileRef = 4D9ACDEE2BA38A300075C3F6 /* SettingsViewController.swift */; };
		4D9ACDF12BA3DC2E0075C3F6 /* Languages.swift in Sources */ = {isa = PBXBuildFile; fileRef = 4D9ACDF02BA3DC2E0075C3F6 /* Languages.swift */; };
		4D9ACDF72BA7E7FD0075C3F6 /* Localizable.strings in Resources */ = {isa = PBXBuildFile; fileRef = 4D9ACDF52BA7E7FD0075C3F6 /* Localizable.strings */; };
		4DA44B6E2BA264DB005EC103 /* SplashViewController.swift in Sources */ = {isa = PBXBuildFile; fileRef = 4DA44B6D2BA264DB005EC103 /* SplashViewController.swift */; };
		4DA44B742BA26706005EC103 /* SplashPresenter.swift in Sources */ = {isa = PBXBuildFile; fileRef = 4DA44B732BA26706005EC103 /* SplashPresenter.swift */; };
		4DC8AB832BA27DF9002AB3BF /* SplashAnimator.swift in Sources */ = {isa = PBXBuildFile; fileRef = 4DC8AB822BA27DF9002AB3BF /* SplashAnimator.swift */; };
		4DE4B8892BB9E9A300894158 /* Currencies.swift in Sources */ = {isa = PBXBuildFile; fileRef = 4DE4B8882BB9E9A300894158 /* Currencies.swift */; };
		4DE4D6212BAFCA5500160224 /* Icons.swift in Sources */ = {isa = PBXBuildFile; fileRef = 4DE4D6202BAFCA5500160224 /* Icons.swift */; };
		4DE4D6232BB10C2900160224 /* Extensions.swift in Sources */ = {isa = PBXBuildFile; fileRef = 4DE4D6222BB10C2900160224 /* Extensions.swift */; };
		4DE4D6262BB1164E00160224 /* ChangeApplicationIcon.swift in Sources */ = {isa = PBXBuildFile; fileRef = 4DE4D6252BB1164E00160224 /* ChangeApplicationIcon.swift */; };
		4DE4D6292BB1170600160224 /* DetailLanguages.swift in Sources */ = {isa = PBXBuildFile; fileRef = 4DE4D6282BB1170600160224 /* DetailLanguages.swift */; };
		4DE4D62C2BB1186700160224 /* CurrencyCodes.swift in Sources */ = {isa = PBXBuildFile; fileRef = 4DE4D62B2BB1186700160224 /* CurrencyCodes.swift */; };
		4DE8617D2BAA6F9F002B2475 /* ModeChangeView.swift in Sources */ = {isa = PBXBuildFile; fileRef = 4DE8617C2BAA6F9F002B2475 /* ModeChangeView.swift */; };
/* End PBXBuildFile section */

/* Begin PBXContainerItemProxy section */
		4D416FC42B9F399000333567 /* PBXContainerItemProxy */ = {
			isa = PBXContainerItemProxy;
			containerPortal = 4D416FA52B9F398B00333567 /* Project object */;
			proxyType = 1;
			remoteGlobalIDString = 4D416FAC2B9F398B00333567;
			remoteInfo = Tips;
		};
		4D416FCE2B9F399000333567 /* PBXContainerItemProxy */ = {
			isa = PBXContainerItemProxy;
			containerPortal = 4D416FA52B9F398B00333567 /* Project object */;
			proxyType = 1;
			remoteGlobalIDString = 4D416FAC2B9F398B00333567;
			remoteInfo = Tips;
		};
/* End PBXContainerItemProxy section */

/* Begin PBXFileReference section */
		4D1C119A2B9FF10A00FEAB9E /* ShareViewController.swift */ = {isa = PBXFileReference; lastKnownFileType = sourcecode.swift; path = ShareViewController.swift; sourceTree = "<group>"; };
		4D1C119C2B9FF21400FEAB9E /* FavouriteSwiftUIView.swift */ = {isa = PBXFileReference; lastKnownFileType = sourcecode.swift; path = FavouriteSwiftUIView.swift; sourceTree = "<group>"; };
		4D3D71FF2BAE4CFD00105F89 /* Green@2x.png */ = {isa = PBXFileReference; lastKnownFileType = image.png; path = "Green@2x.png"; sourceTree = "<group>"; };
		4D3D72002BAE4CFD00105F89 /* Teal.png */ = {isa = PBXFileReference; lastKnownFileType = image.png; path = Teal.png; sourceTree = "<group>"; };
		4D3D72012BAE4CFD00105F89 /* Green@3x.png */ = {isa = PBXFileReference; lastKnownFileType = image.png; path = "Green@3x.png"; sourceTree = "<group>"; };
		4D3D72022BAE4CFD00105F89 /* Teal@2x.png */ = {isa = PBXFileReference; lastKnownFileType = image.png; path = "Teal@2x.png"; sourceTree = "<group>"; };
		4D3D72032BAE4CFD00105F89 /* Orange.png */ = {isa = PBXFileReference; lastKnownFileType = image.png; path = Orange.png; sourceTree = "<group>"; };
		4D3D72042BAE4CFD00105F89 /* Sea@3x.png */ = {isa = PBXFileReference; lastKnownFileType = image.png; path = "Sea@3x.png"; sourceTree = "<group>"; };
		4D3D72052BAE4CFD00105F89 /* Jaundiced@3x.png */ = {isa = PBXFileReference; lastKnownFileType = image.png; path = "Jaundiced@3x.png"; sourceTree = "<group>"; };
		4D3D72062BAE4CFD00105F89 /* Jaundiced@2x.png */ = {isa = PBXFileReference; lastKnownFileType = image.png; path = "Jaundiced@2x.png"; sourceTree = "<group>"; };
		4D3D72072BAE4CFD00105F89 /* Sea.png */ = {isa = PBXFileReference; lastKnownFileType = image.png; path = Sea.png; sourceTree = "<group>"; };
		4D3D72082BAE4CFD00105F89 /* Dark.png */ = {isa = PBXFileReference; lastKnownFileType = image.png; path = Dark.png; sourceTree = "<group>"; };
		4D3D72092BAE4CFD00105F89 /* Orange@2x.png */ = {isa = PBXFileReference; lastKnownFileType = image.png; path = "Orange@2x.png"; sourceTree = "<group>"; };
		4D3D720A2BAE4CFD00105F89 /* Sea@2x.png */ = {isa = PBXFileReference; lastKnownFileType = image.png; path = "Sea@2x.png"; sourceTree = "<group>"; };
		4D3D720B2BAE4CFD00105F89 /* Dark@3x.png */ = {isa = PBXFileReference; lastKnownFileType = image.png; path = "Dark@3x.png"; sourceTree = "<group>"; };
		4D3D720C2BAE4CFD00105F89 /* Dark@2x.png */ = {isa = PBXFileReference; lastKnownFileType = image.png; path = "Dark@2x.png"; sourceTree = "<group>"; };
		4D3D720D2BAE4CFD00105F89 /* Teal@3x.png */ = {isa = PBXFileReference; lastKnownFileType = image.png; path = "Teal@3x.png"; sourceTree = "<group>"; };
		4D3D720E2BAE4CFD00105F89 /* Green.png */ = {isa = PBXFileReference; lastKnownFileType = image.png; path = Green.png; sourceTree = "<group>"; };
		4D3D720F2BAE4CFD00105F89 /* Jaundiced.png */ = {isa = PBXFileReference; lastKnownFileType = image.png; path = Jaundiced.png; sourceTree = "<group>"; };
		4D3D72102BAE4CFD00105F89 /* Orange@3x.png */ = {isa = PBXFileReference; lastKnownFileType = image.png; path = "Orange@3x.png"; sourceTree = "<group>"; };
		4D416FAD2B9F398B00333567 /* Tips.app */ = {isa = PBXFileReference; explicitFileType = wrapper.application; includeInIndex = 0; path = Tips.app; sourceTree = BUILT_PRODUCTS_DIR; };
		4D416FB02B9F398B00333567 /* AppDelegate.swift */ = {isa = PBXFileReference; lastKnownFileType = sourcecode.swift; path = AppDelegate.swift; sourceTree = "<group>"; };
		4D416FB22B9F398B00333567 /* SceneDelegate.swift */ = {isa = PBXFileReference; lastKnownFileType = sourcecode.swift; path = SceneDelegate.swift; sourceTree = "<group>"; };
		4D416FB42B9F398B00333567 /* TipsCalulatorViewController.swift */ = {isa = PBXFileReference; lastKnownFileType = sourcecode.swift; path = TipsCalulatorViewController.swift; sourceTree = "<group>"; };
		4D416FB72B9F398B00333567 /* Base */ = {isa = PBXFileReference; lastKnownFileType = file.storyboard; name = Base; path = Base.lproj/Main.storyboard; sourceTree = "<group>"; };
		4D416FB92B9F399000333567 /* Assets.xcassets */ = {isa = PBXFileReference; lastKnownFileType = folder.assetcatalog; path = Assets.xcassets; sourceTree = "<group>"; };
		4D416FBC2B9F399000333567 /* Base */ = {isa = PBXFileReference; lastKnownFileType = file.storyboard; name = Base; path = Base.lproj/LaunchScreen.storyboard; sourceTree = "<group>"; };
		4D416FBE2B9F399000333567 /* Info.plist */ = {isa = PBXFileReference; lastKnownFileType = text.plist.xml; path = Info.plist; sourceTree = "<group>"; };
		4D416FC32B9F399000333567 /* TipsTests.xctest */ = {isa = PBXFileReference; explicitFileType = wrapper.cfbundle; includeInIndex = 0; path = TipsTests.xctest; sourceTree = BUILT_PRODUCTS_DIR; };
		4D416FC72B9F399000333567 /* TipsTests.swift */ = {isa = PBXFileReference; lastKnownFileType = sourcecode.swift; path = TipsTests.swift; sourceTree = "<group>"; };
		4D416FCD2B9F399000333567 /* TipsUITests.xctest */ = {isa = PBXFileReference; explicitFileType = wrapper.cfbundle; includeInIndex = 0; path = TipsUITests.xctest; sourceTree = BUILT_PRODUCTS_DIR; };
		4D416FD12B9F399000333567 /* TipsUITests.swift */ = {isa = PBXFileReference; lastKnownFileType = sourcecode.swift; path = TipsUITests.swift; sourceTree = "<group>"; };
		4D416FD32B9F399000333567 /* TipsUITestsLaunchTests.swift */ = {isa = PBXFileReference; lastKnownFileType = sourcecode.swift; path = TipsUITestsLaunchTests.swift; sourceTree = "<group>"; };
		4D548F3B2BA007F000D07A9E /* FavouriteViewController.swift */ = {isa = PBXFileReference; lastKnownFileType = sourcecode.swift; path = FavouriteViewController.swift; sourceTree = "<group>"; };
		4D548F3D2BA00A8A00D07A9E /* TipGuideSwiftUIView.swift */ = {isa = PBXFileReference; lastKnownFileType = sourcecode.swift; path = TipGuideSwiftUIView.swift; sourceTree = "<group>"; };
		4D548F3F2BA00BAA00D07A9E /* TipGuideViewController.swift */ = {isa = PBXFileReference; lastKnownFileType = sourcecode.swift; path = TipGuideViewController.swift; sourceTree = "<group>"; };
		4D9ACDEA2BA37B340075C3F6 /* TabBarViewController.swift */ = {isa = PBXFileReference; lastKnownFileType = sourcecode.swift; path = TabBarViewController.swift; sourceTree = "<group>"; };
		4D9ACDEC2BA389450075C3F6 /* SettingsSwiftUIView.swift */ = {isa = PBXFileReference; lastKnownFileType = sourcecode.swift; path = SettingsSwiftUIView.swift; sourceTree = "<group>"; };
		4D9ACDEE2BA38A300075C3F6 /* SettingsViewController.swift */ = {isa = PBXFileReference; lastKnownFileType = sourcecode.swift; path = SettingsViewController.swift; sourceTree = "<group>"; };
		4D9ACDF02BA3DC2E0075C3F6 /* Languages.swift */ = {isa = PBXFileReference; lastKnownFileType = sourcecode.swift; path = Languages.swift; sourceTree = "<group>"; };
		4D9ACDF32BA7E4DB0075C3F6 /* ru */ = {isa = PBXFileReference; lastKnownFileType = text.plist.strings; name = ru; path = ru.lproj/Main.strings; sourceTree = "<group>"; };
		4D9ACDF62BA7E7FD0075C3F6 /* en */ = {isa = PBXFileReference; lastKnownFileType = text.plist.strings; name = en; path = en.lproj/Localizable.strings; sourceTree = "<group>"; };
		4D9ACDF82BA7EAB50075C3F6 /* Localizations.swift */ = {isa = PBXFileReference; lastKnownFileType = sourcecode.swift; path = Localizations.swift; sourceTree = "<group>"; };
		4D9ACDFA2BA8EE090075C3F6 /* pl */ = {isa = PBXFileReference; lastKnownFileType = text.plist.strings; name = pl; path = pl.lproj/Localizable.strings; sourceTree = "<group>"; };
		4D9ACDFB2BA8EE0B0075C3F6 /* ru */ = {isa = PBXFileReference; lastKnownFileType = text.plist.strings; name = ru; path = ru.lproj/Localizable.strings; sourceTree = "<group>"; };
		4D9ACDFD2BA8F7230075C3F6 /* en */ = {isa = PBXFileReference; lastKnownFileType = text.plist.strings; name = en; path = en.lproj/Main.strings; sourceTree = "<group>"; };
		4D9ACDFF2BA8F8800075C3F6 /* pl */ = {isa = PBXFileReference; lastKnownFileType = text.plist.strings; name = pl; path = pl.lproj/Main.strings; sourceTree = "<group>"; };
		4DA44B6D2BA264DB005EC103 /* SplashViewController.swift */ = {isa = PBXFileReference; lastKnownFileType = sourcecode.swift; path = SplashViewController.swift; sourceTree = "<group>"; };
		4DA44B732BA26706005EC103 /* SplashPresenter.swift */ = {isa = PBXFileReference; lastKnownFileType = sourcecode.swift; path = SplashPresenter.swift; sourceTree = "<group>"; };
		4DC8AB822BA27DF9002AB3BF /* SplashAnimator.swift */ = {isa = PBXFileReference; lastKnownFileType = sourcecode.swift; path = SplashAnimator.swift; sourceTree = "<group>"; };
		4DE4B8882BB9E9A300894158 /* Currencies.swift */ = {isa = PBXFileReference; lastKnownFileType = sourcecode.swift; path = Currencies.swift; sourceTree = "<group>"; };
		4DE4D6202BAFCA5500160224 /* Icons.swift */ = {isa = PBXFileReference; lastKnownFileType = sourcecode.swift; path = Icons.swift; sourceTree = "<group>"; };
		4DE4D6222BB10C2900160224 /* Extensions.swift */ = {isa = PBXFileReference; lastKnownFileType = sourcecode.swift; path = Extensions.swift; sourceTree = "<group>"; };
		4DE4D6252BB1164E00160224 /* ChangeApplicationIcon.swift */ = {isa = PBXFileReference; lastKnownFileType = sourcecode.swift; path = ChangeApplicationIcon.swift; sourceTree = "<group>"; };
		4DE4D6282BB1170600160224 /* DetailLanguages.swift */ = {isa = PBXFileReference; lastKnownFileType = sourcecode.swift; path = DetailLanguages.swift; sourceTree = "<group>"; };
		4DE4D62B2BB1186700160224 /* CurrencyCodes.swift */ = {isa = PBXFileReference; lastKnownFileType = sourcecode.swift; path = CurrencyCodes.swift; sourceTree = "<group>"; };
		4DE8617C2BAA6F9F002B2475 /* ModeChangeView.swift */ = {isa = PBXFileReference; lastKnownFileType = sourcecode.swift; path = ModeChangeView.swift; sourceTree = "<group>"; };
/* End PBXFileReference section */

/* Begin PBXFrameworksBuildPhase section */
		4D416FAA2B9F398B00333567 /* Frameworks */ = {
			isa = PBXFrameworksBuildPhase;
			buildActionMask = 2147483647;
			files = (
			);
			runOnlyForDeploymentPostprocessing = 0;
		};
		4D416FC02B9F399000333567 /* Frameworks */ = {
			isa = PBXFrameworksBuildPhase;
			buildActionMask = 2147483647;
			files = (
			);
			runOnlyForDeploymentPostprocessing = 0;
		};
		4D416FCA2B9F399000333567 /* Frameworks */ = {
			isa = PBXFrameworksBuildPhase;
			buildActionMask = 2147483647;
			files = (
			);
			runOnlyForDeploymentPostprocessing = 0;
		};
/* End PBXFrameworksBuildPhase section */

/* Begin PBXGroup section */
		4D258AE02B9F4367003B9F8F /* Model */ = {
			isa = PBXGroup;
			children = (
				4D9ACDF02BA3DC2E0075C3F6 /* Languages.swift */,
				4D9ACDF82BA7EAB50075C3F6 /* Localizations.swift */,
				4DE4D6202BAFCA5500160224 /* Icons.swift */,
				4DE4B8882BB9E9A300894158 /* Currencies.swift */,
			);
			path = Model;
			sourceTree = "<group>";
		};
		4D258AE12B9F4371003B9F8F /* View */ = {
			isa = PBXGroup;
			children = (
				4D416FB62B9F398B00333567 /* Main.storyboard */,
				4D416FBB2B9F399000333567 /* LaunchScreen.storyboard */,
				4DE4D62D2BB1199E00160224 /* AdditionsToTheSettings_UI */,
				4D1C119C2B9FF21400FEAB9E /* FavouriteSwiftUIView.swift */,
				4D548F3D2BA00A8A00D07A9E /* TipGuideSwiftUIView.swift */,
			);
			path = View;
			sourceTree = "<group>";
		};
		4D258AE22B9F4378003B9F8F /* Controller */ = {
			isa = PBXGroup;
			children = (
				4DA44B722BA2668B005EC103 /* Splash */,
				4D416FB42B9F398B00333567 /* TipsCalulatorViewController.swift */,
				4D1C119A2B9FF10A00FEAB9E /* ShareViewController.swift */,
				4D548F3B2BA007F000D07A9E /* FavouriteViewController.swift */,
				4D548F3F2BA00BAA00D07A9E /* TipGuideViewController.swift */,
				4DA44B6D2BA264DB005EC103 /* SplashViewController.swift */,
				4D9ACDEA2BA37B340075C3F6 /* TabBarViewController.swift */,
				4D9ACDEE2BA38A300075C3F6 /* SettingsViewController.swift */,
			);
			path = Controller;
			sourceTree = "<group>";
		};
		4D258AE32B9F43DC003B9F8F /* Assets */ = {
			isa = PBXGroup;
			children = (
				4D3D71DA2BAD2D8900105F89 /* Icons */,
				4D416FB92B9F399000333567 /* Assets.xcassets */,
			);
			path = Assets;
			sourceTree = "<group>";
		};
		4D258AE42B9F43EB003B9F8F /* Delegates-System */ = {
			isa = PBXGroup;
			children = (
				4D416FB02B9F398B00333567 /* AppDelegate.swift */,
				4D416FB22B9F398B00333567 /* SceneDelegate.swift */,
			);
			path = "Delegates-System";
			sourceTree = "<group>";
		};
		4D3D71DA2BAD2D8900105F89 /* Icons */ = {
			isa = PBXGroup;
			children = (
				4D3D72072BAE4CFD00105F89 /* Sea.png */,
				4D3D720A2BAE4CFD00105F89 /* Sea@2x.png */,
				4D3D72042BAE4CFD00105F89 /* Sea@3x.png */,
				4D3D72082BAE4CFD00105F89 /* Dark.png */,
				4D3D720C2BAE4CFD00105F89 /* Dark@2x.png */,
				4D3D720B2BAE4CFD00105F89 /* Dark@3x.png */,
				4D3D720E2BAE4CFD00105F89 /* Green.png */,
				4D3D71FF2BAE4CFD00105F89 /* Green@2x.png */,
				4D3D72012BAE4CFD00105F89 /* Green@3x.png */,
				4D3D72032BAE4CFD00105F89 /* Orange.png */,
				4D3D72092BAE4CFD00105F89 /* Orange@2x.png */,
				4D3D72102BAE4CFD00105F89 /* Orange@3x.png */,
				4D3D72002BAE4CFD00105F89 /* Teal.png */,
				4D3D72022BAE4CFD00105F89 /* Teal@2x.png */,
				4D3D720D2BAE4CFD00105F89 /* Teal@3x.png */,
				4D3D720F2BAE4CFD00105F89 /* Jaundiced.png */,
				4D3D72062BAE4CFD00105F89 /* Jaundiced@2x.png */,
				4D3D72052BAE4CFD00105F89 /* Jaundiced@3x.png */,
			);
			path = Icons;
			sourceTree = "<group>";
		};
		4D416FA42B9F398B00333567 = {
			isa = PBXGroup;
			children = (
				4D416FAF2B9F398B00333567 /* Tips */,
				4D416FC62B9F399000333567 /* TipsTests */,
				4D416FD02B9F399000333567 /* TipsUITests */,
				4D416FAE2B9F398B00333567 /* Products */,
			);
			sourceTree = "<group>";
		};
		4D416FAE2B9F398B00333567 /* Products */ = {
			isa = PBXGroup;
			children = (
				4D416FAD2B9F398B00333567 /* Tips.app */,
				4D416FC32B9F399000333567 /* TipsTests.xctest */,
				4D416FCD2B9F399000333567 /* TipsUITests.xctest */,
			);
			name = Products;
			sourceTree = "<group>";
		};
		4D416FAF2B9F398B00333567 /* Tips */ = {
			isa = PBXGroup;
			children = (
				4DE4D6222BB10C2900160224 /* Extensions.swift */,
				4D9ACDF42BA7E7EC0075C3F6 /* Localization */,
				4D258AE42B9F43EB003B9F8F /* Delegates-System */,
				4D258AE32B9F43DC003B9F8F /* Assets */,
				4D258AE02B9F4367003B9F8F /* Model */,
				4D258AE12B9F4371003B9F8F /* View */,
				4D258AE22B9F4378003B9F8F /* Controller */,
				4D416FBE2B9F399000333567 /* Info.plist */,
			);
			path = Tips;
			sourceTree = "<group>";
		};
		4D416FC62B9F399000333567 /* TipsTests */ = {
			isa = PBXGroup;
			children = (
				4D416FC72B9F399000333567 /* TipsTests.swift */,
			);
			path = TipsTests;
			sourceTree = "<group>";
		};
		4D416FD02B9F399000333567 /* TipsUITests */ = {
			isa = PBXGroup;
			children = (
				4D416FD12B9F399000333567 /* TipsUITests.swift */,
				4D416FD32B9F399000333567 /* TipsUITestsLaunchTests.swift */,
			);
			path = TipsUITests;
			sourceTree = "<group>";
		};
		4D4A4CFF2BA925F8001E6CE7 /* ModeChangeView */ = {
			isa = PBXGroup;
			children = (
				4DE8617C2BAA6F9F002B2475 /* ModeChangeView.swift */,
			);
			path = ModeChangeView;
			sourceTree = "<group>";
		};
		4D9ACDF42BA7E7EC0075C3F6 /* Localization */ = {
			isa = PBXGroup;
			children = (
				4D9ACDF52BA7E7FD0075C3F6 /* Localizable.strings */,
			);
			path = Localization;
			sourceTree = "<group>";
		};
		4DA44B722BA2668B005EC103 /* Splash */ = {
			isa = PBXGroup;
			children = (
				4DA44B732BA26706005EC103 /* SplashPresenter.swift */,
				4DC8AB822BA27DF9002AB3BF /* SplashAnimator.swift */,
			);
			path = Splash;
			sourceTree = "<group>";
		};
		4DE4D6242BB1163800160224 /* ChangeApplicationIcon */ = {
			isa = PBXGroup;
			children = (
				4DE4D6252BB1164E00160224 /* ChangeApplicationIcon.swift */,
			);
			path = ChangeApplicationIcon;
			sourceTree = "<group>";
		};
		4DE4D6272BB116FA00160224 /* DetailLanguages */ = {
			isa = PBXGroup;
			children = (
				4DE4D6282BB1170600160224 /* DetailLanguages.swift */,
			);
			path = DetailLanguages;
			sourceTree = "<group>";
		};
		4DE4D62A2BB1185D00160224 /* CurrencyCodes */ = {
			isa = PBXGroup;
			children = (
				4DE4D62B2BB1186700160224 /* CurrencyCodes.swift */,
			);
			path = CurrencyCodes;
			sourceTree = "<group>";
		};
		4DE4D62D2BB1199E00160224 /* AdditionsToTheSettings_UI */ = {
			isa = PBXGroup;
			children = (
				4D9ACDEC2BA389450075C3F6 /* SettingsSwiftUIView.swift */,
				4D4A4CFF2BA925F8001E6CE7 /* ModeChangeView */,
				4DE4D6242BB1163800160224 /* ChangeApplicationIcon */,
				4DE4D6272BB116FA00160224 /* DetailLanguages */,
				4DE4D62A2BB1185D00160224 /* CurrencyCodes */,
			);
			path = AdditionsToTheSettings_UI;
			sourceTree = "<group>";
		};
/* End PBXGroup section */

/* Begin PBXNativeTarget section */
		4D416FAC2B9F398B00333567 /* Tips */ = {
			isa = PBXNativeTarget;
			buildConfigurationList = 4D416FD72B9F399000333567 /* Build configuration list for PBXNativeTarget "Tips" */;
			buildPhases = (
				4D416FA92B9F398B00333567 /* Sources */,
				4D416FAA2B9F398B00333567 /* Frameworks */,
				4D416FAB2B9F398B00333567 /* Resources */,
			);
			buildRules = (
			);
			dependencies = (
			);
			name = Tips;
			productName = Tips;
			productReference = 4D416FAD2B9F398B00333567 /* Tips.app */;
			productType = "com.apple.product-type.application";
		};
		4D416FC22B9F399000333567 /* TipsTests */ = {
			isa = PBXNativeTarget;
			buildConfigurationList = 4D416FDA2B9F399000333567 /* Build configuration list for PBXNativeTarget "TipsTests" */;
			buildPhases = (
				4D416FBF2B9F399000333567 /* Sources */,
				4D416FC02B9F399000333567 /* Frameworks */,
				4D416FC12B9F399000333567 /* Resources */,
			);
			buildRules = (
			);
			dependencies = (
				4D416FC52B9F399000333567 /* PBXTargetDependency */,
			);
			name = TipsTests;
			productName = TipsTests;
			productReference = 4D416FC32B9F399000333567 /* TipsTests.xctest */;
			productType = "com.apple.product-type.bundle.unit-test";
		};
		4D416FCC2B9F399000333567 /* TipsUITests */ = {
			isa = PBXNativeTarget;
			buildConfigurationList = 4D416FDD2B9F399000333567 /* Build configuration list for PBXNativeTarget "TipsUITests" */;
			buildPhases = (
				4D416FC92B9F399000333567 /* Sources */,
				4D416FCA2B9F399000333567 /* Frameworks */,
				4D416FCB2B9F399000333567 /* Resources */,
			);
			buildRules = (
			);
			dependencies = (
				4D416FCF2B9F399000333567 /* PBXTargetDependency */,
			);
			name = TipsUITests;
			productName = TipsUITests;
			productReference = 4D416FCD2B9F399000333567 /* TipsUITests.xctest */;
			productType = "com.apple.product-type.bundle.ui-testing";
		};
/* End PBXNativeTarget section */

/* Begin PBXProject section */
		4D416FA52B9F398B00333567 /* Project object */ = {
			isa = PBXProject;
			attributes = {
				BuildIndependentTargetsInParallel = 1;
				LastSwiftUpdateCheck = 1520;
				LastUpgradeCheck = 1520;
				TargetAttributes = {
					4D416FAC2B9F398B00333567 = {
						CreatedOnToolsVersion = 15.2;
					};
					4D416FC22B9F399000333567 = {
						CreatedOnToolsVersion = 15.2;
						TestTargetID = 4D416FAC2B9F398B00333567;
					};
					4D416FCC2B9F399000333567 = {
						CreatedOnToolsVersion = 15.2;
						TestTargetID = 4D416FAC2B9F398B00333567;
					};
				};
			};
			buildConfigurationList = 4D416FA82B9F398B00333567 /* Build configuration list for PBXProject "Tips" */;
			compatibilityVersion = "Xcode 14.0";
			developmentRegion = en;
			hasScannedForEncodings = 0;
			knownRegions = (
				en,
				Base,
				pl,
				ru,
			);
			mainGroup = 4D416FA42B9F398B00333567;
			productRefGroup = 4D416FAE2B9F398B00333567 /* Products */;
			projectDirPath = "";
			projectRoot = "";
			targets = (
				4D416FAC2B9F398B00333567 /* Tips */,
				4D416FC22B9F399000333567 /* TipsTests */,
				4D416FCC2B9F399000333567 /* TipsUITests */,
			);
		};
/* End PBXProject section */

/* Begin PBXResourcesBuildPhase section */
		4D416FAB2B9F398B00333567 /* Resources */ = {
			isa = PBXResourcesBuildPhase;
			buildActionMask = 2147483647;
			files = (
				4D3D721C2BAE4CFD00105F89 /* Sea@2x.png in Resources */,
				4D416FBD2B9F399000333567 /* LaunchScreen.storyboard in Resources */,
				4D3D721D2BAE4CFD00105F89 /* Dark@3x.png in Resources */,
				4D3D72162BAE4CFD00105F89 /* Sea@3x.png in Resources */,
				4D3D721F2BAE4CFD00105F89 /* Teal@3x.png in Resources */,
				4D3D72182BAE4CFD00105F89 /* Jaundiced@2x.png in Resources */,
				4D3D72112BAE4CFD00105F89 /* Green@2x.png in Resources */,
				4D3D72172BAE4CFD00105F89 /* Jaundiced@3x.png in Resources */,
				4D3D721B2BAE4CFD00105F89 /* Orange@2x.png in Resources */,
				4D3D72222BAE4CFD00105F89 /* Orange@3x.png in Resources */,
				4D9ACDF72BA7E7FD0075C3F6 /* Localizable.strings in Resources */,
				4D3D72192BAE4CFD00105F89 /* Sea.png in Resources */,
				4D3D72132BAE4CFD00105F89 /* Green@3x.png in Resources */,
				4D3D721A2BAE4CFD00105F89 /* Dark.png in Resources */,
				4D3D72212BAE4CFD00105F89 /* Jaundiced.png in Resources */,
				4D416FBA2B9F399000333567 /* Assets.xcassets in Resources */,
				4D3D721E2BAE4CFD00105F89 /* Dark@2x.png in Resources */,
				4D416FB82B9F398B00333567 /* Main.storyboard in Resources */,
				4D3D72142BAE4CFD00105F89 /* Teal@2x.png in Resources */,
				4D3D72202BAE4CFD00105F89 /* Green.png in Resources */,
				4D3D72122BAE4CFD00105F89 /* Teal.png in Resources */,
				4D3D72152BAE4CFD00105F89 /* Orange.png in Resources */,
			);
			runOnlyForDeploymentPostprocessing = 0;
		};
		4D416FC12B9F399000333567 /* Resources */ = {
			isa = PBXResourcesBuildPhase;
			buildActionMask = 2147483647;
			files = (
			);
			runOnlyForDeploymentPostprocessing = 0;
		};
		4D416FCB2B9F399000333567 /* Resources */ = {
			isa = PBXResourcesBuildPhase;
			buildActionMask = 2147483647;
			files = (
			);
			runOnlyForDeploymentPostprocessing = 0;
		};
/* End PBXResourcesBuildPhase section */

/* Begin PBXSourcesBuildPhase section */
		4D416FA92B9F398B00333567 /* Sources */ = {
			isa = PBXSourcesBuildPhase;
			buildActionMask = 2147483647;
			files = (
				4DE4B8892BB9E9A300894158 /* Currencies.swift in Sources */,
				4D416FB52B9F398B00333567 /* TipsCalulatorViewController.swift in Sources */,
				4DA44B742BA26706005EC103 /* SplashPresenter.swift in Sources */,
				4DE8617D2BAA6F9F002B2475 /* ModeChangeView.swift in Sources */,
				4D92B8532BAA60A300539710 /* Localizations.swift in Sources */,
				4D548F402BA00BAA00D07A9E /* TipGuideViewController.swift in Sources */,
				4DC8AB832BA27DF9002AB3BF /* SplashAnimator.swift in Sources */,
				4D9ACDED2BA389450075C3F6 /* SettingsSwiftUIView.swift in Sources */,
				4DE4D6232BB10C2900160224 /* Extensions.swift in Sources */,
				4D9ACDEB2BA37B340075C3F6 /* TabBarViewController.swift in Sources */,
				4D1C119D2B9FF21400FEAB9E /* FavouriteSwiftUIView.swift in Sources */,
				4DA44B6E2BA264DB005EC103 /* SplashViewController.swift in Sources */,
				4D416FB12B9F398B00333567 /* AppDelegate.swift in Sources */,
				4D9ACDEF2BA38A300075C3F6 /* SettingsViewController.swift in Sources */,
				4DE4D6262BB1164E00160224 /* ChangeApplicationIcon.swift in Sources */,
				4D1C119B2B9FF10A00FEAB9E /* ShareViewController.swift in Sources */,
				4D548F3E2BA00A8A00D07A9E /* TipGuideSwiftUIView.swift in Sources */,
				4DE4D6212BAFCA5500160224 /* Icons.swift in Sources */,
				4DE4D6292BB1170600160224 /* DetailLanguages.swift in Sources */,
				4D548F3C2BA007F000D07A9E /* FavouriteViewController.swift in Sources */,
				4DE4D62C2BB1186700160224 /* CurrencyCodes.swift in Sources */,
				4D416FB32B9F398B00333567 /* SceneDelegate.swift in Sources */,
				4D9ACDF12BA3DC2E0075C3F6 /* Languages.swift in Sources */,
			);
			runOnlyForDeploymentPostprocessing = 0;
		};
		4D416FBF2B9F399000333567 /* Sources */ = {
			isa = PBXSourcesBuildPhase;
			buildActionMask = 2147483647;
			files = (
				4D416FC82B9F399000333567 /* TipsTests.swift in Sources */,
			);
			runOnlyForDeploymentPostprocessing = 0;
		};
		4D416FC92B9F399000333567 /* Sources */ = {
			isa = PBXSourcesBuildPhase;
			buildActionMask = 2147483647;
			files = (
				4D416FD42B9F399000333567 /* TipsUITestsLaunchTests.swift in Sources */,
				4D416FD22B9F399000333567 /* TipsUITests.swift in Sources */,
			);
			runOnlyForDeploymentPostprocessing = 0;
		};
/* End PBXSourcesBuildPhase section */

/* Begin PBXTargetDependency section */
		4D416FC52B9F399000333567 /* PBXTargetDependency */ = {
			isa = PBXTargetDependency;
			target = 4D416FAC2B9F398B00333567 /* Tips */;
			targetProxy = 4D416FC42B9F399000333567 /* PBXContainerItemProxy */;
		};
		4D416FCF2B9F399000333567 /* PBXTargetDependency */ = {
			isa = PBXTargetDependency;
			target = 4D416FAC2B9F398B00333567 /* Tips */;
			targetProxy = 4D416FCE2B9F399000333567 /* PBXContainerItemProxy */;
		};
/* End PBXTargetDependency section */

/* Begin PBXVariantGroup section */
		4D416FB62B9F398B00333567 /* Main.storyboard */ = {
			isa = PBXVariantGroup;
			children = (
				4D416FB72B9F398B00333567 /* Base */,
				4D9ACDF32BA7E4DB0075C3F6 /* ru */,
				4D9ACDFD2BA8F7230075C3F6 /* en */,
				4D9ACDFF2BA8F8800075C3F6 /* pl */,
			);
			name = Main.storyboard;
			sourceTree = "<group>";
		};
		4D416FBB2B9F399000333567 /* LaunchScreen.storyboard */ = {
			isa = PBXVariantGroup;
			children = (
				4D416FBC2B9F399000333567 /* Base */,
			);
			name = LaunchScreen.storyboard;
			sourceTree = "<group>";
		};
		4D9ACDF52BA7E7FD0075C3F6 /* Localizable.strings */ = {
			isa = PBXVariantGroup;
			children = (
				4D9ACDF62BA7E7FD0075C3F6 /* en */,
				4D9ACDFA2BA8EE090075C3F6 /* pl */,
				4D9ACDFB2BA8EE0B0075C3F6 /* ru */,
			);
			name = Localizable.strings;
			sourceTree = "<group>";
		};
/* End PBXVariantGroup section */

/* Begin XCBuildConfiguration section */
		4D416FD52B9F399000333567 /* Debug */ = {
			isa = XCBuildConfiguration;
			buildSettings = {
				ALWAYS_SEARCH_USER_PATHS = NO;
				ASSETCATALOG_COMPILER_GENERATE_SWIFT_ASSET_SYMBOL_EXTENSIONS = YES;
				CLANG_ANALYZER_LOCALIZABILITY_NONLOCALIZED = YES;
				CLANG_ANALYZER_NONNULL = YES;
				CLANG_ANALYZER_NUMBER_OBJECT_CONVERSION = YES_AGGRESSIVE;
				CLANG_CXX_LANGUAGE_STANDARD = "gnu++20";
				CLANG_ENABLE_MODULES = YES;
				CLANG_ENABLE_OBJC_ARC = YES;
				CLANG_ENABLE_OBJC_WEAK = YES;
				CLANG_WARN_BLOCK_CAPTURE_AUTORELEASING = YES;
				CLANG_WARN_BOOL_CONVERSION = YES;
				CLANG_WARN_COMMA = YES;
				CLANG_WARN_CONSTANT_CONVERSION = YES;
				CLANG_WARN_DEPRECATED_OBJC_IMPLEMENTATIONS = YES;
				CLANG_WARN_DIRECT_OBJC_ISA_USAGE = YES_ERROR;
				CLANG_WARN_DOCUMENTATION_COMMENTS = YES;
				CLANG_WARN_EMPTY_BODY = YES;
				CLANG_WARN_ENUM_CONVERSION = YES;
				CLANG_WARN_INFINITE_RECURSION = YES;
				CLANG_WARN_INT_CONVERSION = YES;
				CLANG_WARN_NON_LITERAL_NULL_CONVERSION = YES;
				CLANG_WARN_OBJC_IMPLICIT_RETAIN_SELF = YES;
				CLANG_WARN_OBJC_LITERAL_CONVERSION = YES;
				CLANG_WARN_OBJC_ROOT_CLASS = YES_ERROR;
				CLANG_WARN_QUOTED_INCLUDE_IN_FRAMEWORK_HEADER = YES;
				CLANG_WARN_RANGE_LOOP_ANALYSIS = YES;
				CLANG_WARN_STRICT_PROTOTYPES = YES;
				CLANG_WARN_SUSPICIOUS_MOVE = YES;
				CLANG_WARN_UNGUARDED_AVAILABILITY = YES_AGGRESSIVE;
				CLANG_WARN_UNREACHABLE_CODE = YES;
				CLANG_WARN__DUPLICATE_METHOD_MATCH = YES;
				COPY_PHASE_STRIP = NO;
				DEBUG_INFORMATION_FORMAT = dwarf;
				ENABLE_STRICT_OBJC_MSGSEND = YES;
				ENABLE_TESTABILITY = YES;
				ENABLE_USER_SCRIPT_SANDBOXING = YES;
				GCC_C_LANGUAGE_STANDARD = gnu17;
				GCC_DYNAMIC_NO_PIC = NO;
				GCC_NO_COMMON_BLOCKS = YES;
				GCC_OPTIMIZATION_LEVEL = 0;
				GCC_PREPROCESSOR_DEFINITIONS = (
					"DEBUG=1",
					"$(inherited)",
				);
				GCC_WARN_64_TO_32_BIT_CONVERSION = YES;
				GCC_WARN_ABOUT_RETURN_TYPE = YES_ERROR;
				GCC_WARN_UNDECLARED_SELECTOR = YES;
				GCC_WARN_UNINITIALIZED_AUTOS = YES_AGGRESSIVE;
				GCC_WARN_UNUSED_FUNCTION = YES;
				GCC_WARN_UNUSED_VARIABLE = YES;
				IPHONEOS_DEPLOYMENT_TARGET = 17.2;
				LOCALIZATION_PREFERS_STRING_CATALOGS = YES;
				MTL_ENABLE_DEBUG_INFO = INCLUDE_SOURCE;
				MTL_FAST_MATH = YES;
				ONLY_ACTIVE_ARCH = YES;
				SDKROOT = iphoneos;
				SWIFT_ACTIVE_COMPILATION_CONDITIONS = "DEBUG $(inherited)";
				SWIFT_OPTIMIZATION_LEVEL = "-Onone";
			};
			name = Debug;
		};
		4D416FD62B9F399000333567 /* Release */ = {
			isa = XCBuildConfiguration;
			buildSettings = {
				ALWAYS_SEARCH_USER_PATHS = NO;
				ASSETCATALOG_COMPILER_GENERATE_SWIFT_ASSET_SYMBOL_EXTENSIONS = YES;
				CLANG_ANALYZER_LOCALIZABILITY_NONLOCALIZED = YES;
				CLANG_ANALYZER_NONNULL = YES;
				CLANG_ANALYZER_NUMBER_OBJECT_CONVERSION = YES_AGGRESSIVE;
				CLANG_CXX_LANGUAGE_STANDARD = "gnu++20";
				CLANG_ENABLE_MODULES = YES;
				CLANG_ENABLE_OBJC_ARC = YES;
				CLANG_ENABLE_OBJC_WEAK = YES;
				CLANG_WARN_BLOCK_CAPTURE_AUTORELEASING = YES;
				CLANG_WARN_BOOL_CONVERSION = YES;
				CLANG_WARN_COMMA = YES;
				CLANG_WARN_CONSTANT_CONVERSION = YES;
				CLANG_WARN_DEPRECATED_OBJC_IMPLEMENTATIONS = YES;
				CLANG_WARN_DIRECT_OBJC_ISA_USAGE = YES_ERROR;
				CLANG_WARN_DOCUMENTATION_COMMENTS = YES;
				CLANG_WARN_EMPTY_BODY = YES;
				CLANG_WARN_ENUM_CONVERSION = YES;
				CLANG_WARN_INFINITE_RECURSION = YES;
				CLANG_WARN_INT_CONVERSION = YES;
				CLANG_WARN_NON_LITERAL_NULL_CONVERSION = YES;
				CLANG_WARN_OBJC_IMPLICIT_RETAIN_SELF = YES;
				CLANG_WARN_OBJC_LITERAL_CONVERSION = YES;
				CLANG_WARN_OBJC_ROOT_CLASS = YES_ERROR;
				CLANG_WARN_QUOTED_INCLUDE_IN_FRAMEWORK_HEADER = YES;
				CLANG_WARN_RANGE_LOOP_ANALYSIS = YES;
				CLANG_WARN_STRICT_PROTOTYPES = YES;
				CLANG_WARN_SUSPICIOUS_MOVE = YES;
				CLANG_WARN_UNGUARDED_AVAILABILITY = YES_AGGRESSIVE;
				CLANG_WARN_UNREACHABLE_CODE = YES;
				CLANG_WARN__DUPLICATE_METHOD_MATCH = YES;
				COPY_PHASE_STRIP = NO;
				DEBUG_INFORMATION_FORMAT = "dwarf-with-dsym";
				ENABLE_NS_ASSERTIONS = NO;
				ENABLE_STRICT_OBJC_MSGSEND = YES;
				ENABLE_USER_SCRIPT_SANDBOXING = YES;
				GCC_C_LANGUAGE_STANDARD = gnu17;
				GCC_NO_COMMON_BLOCKS = YES;
				GCC_WARN_64_TO_32_BIT_CONVERSION = YES;
				GCC_WARN_ABOUT_RETURN_TYPE = YES_ERROR;
				GCC_WARN_UNDECLARED_SELECTOR = YES;
				GCC_WARN_UNINITIALIZED_AUTOS = YES_AGGRESSIVE;
				GCC_WARN_UNUSED_FUNCTION = YES;
				GCC_WARN_UNUSED_VARIABLE = YES;
				IPHONEOS_DEPLOYMENT_TARGET = 17.2;
				LOCALIZATION_PREFERS_STRING_CATALOGS = YES;
				MTL_ENABLE_DEBUG_INFO = NO;
				MTL_FAST_MATH = YES;
				SDKROOT = iphoneos;
				SWIFT_COMPILATION_MODE = wholemodule;
				VALIDATE_PRODUCT = YES;
			};
			name = Release;
		};
		4D416FD82B9F399000333567 /* Debug */ = {
			isa = XCBuildConfiguration;
			buildSettings = {
				ASSETCATALOG_COMPILER_APPICON_NAME = AppIcon;
				ASSETCATALOG_COMPILER_GLOBAL_ACCENT_COLOR_NAME = AccentColor;
				CODE_SIGN_STYLE = Automatic;
				CURRENT_PROJECT_VERSION = 1;
				DEVELOPMENT_TEAM = 3JQPLE5ZEK;
				GENERATE_INFOPLIST_FILE = YES;
				INFOPLIST_FILE = Tips/Info.plist;
				INFOPLIST_KEY_CFBundleDisplayName = Tips;
				INFOPLIST_KEY_LSApplicationCategoryType = "public.app-category.finance";
				INFOPLIST_KEY_UIApplicationSupportsIndirectInputEvents = YES;
				INFOPLIST_KEY_UILaunchStoryboardName = LaunchScreen;
				INFOPLIST_KEY_UIMainStoryboardFile = Main;
				INFOPLIST_KEY_UISupportedInterfaceOrientations = UIInterfaceOrientationPortrait;
				IPHONEOS_DEPLOYMENT_TARGET = 17.0;
				LD_RUNPATH_SEARCH_PATHS = (
					"$(inherited)",
					"@executable_path/Frameworks",
				);
				MARKETING_VERSION = 1.0;
				PRODUCT_BUNDLE_IDENTIFIER = "pl.Raman-Kozar.Tips";
				PRODUCT_NAME = "$(TARGET_NAME)";
				SWIFT_EMIT_LOC_STRINGS = YES;
				SWIFT_VERSION = 5.0;
				TARGETED_DEVICE_FAMILY = "1,2";
			};
			name = Debug;
		};
		4D416FD92B9F399000333567 /* Release */ = {
			isa = XCBuildConfiguration;
			buildSettings = {
				ASSETCATALOG_COMPILER_APPICON_NAME = AppIcon;
				ASSETCATALOG_COMPILER_GLOBAL_ACCENT_COLOR_NAME = AccentColor;
				CODE_SIGN_STYLE = Automatic;
				CURRENT_PROJECT_VERSION = 1;
				DEVELOPMENT_TEAM = 3JQPLE5ZEK;
				GENERATE_INFOPLIST_FILE = YES;
				INFOPLIST_FILE = Tips/Info.plist;
				INFOPLIST_KEY_CFBundleDisplayName = Tips;
				INFOPLIST_KEY_LSApplicationCategoryType = "public.app-category.finance";
				INFOPLIST_KEY_UIApplicationSupportsIndirectInputEvents = YES;
				INFOPLIST_KEY_UILaunchStoryboardName = LaunchScreen;
				INFOPLIST_KEY_UIMainStoryboardFile = Main;
				INFOPLIST_KEY_UISupportedInterfaceOrientations = UIInterfaceOrientationPortrait;
				IPHONEOS_DEPLOYMENT_TARGET = 17.0;
				LD_RUNPATH_SEARCH_PATHS = (
					"$(inherited)",
					"@executable_path/Frameworks",
				);
				MARKETING_VERSION = 1.0;
				PRODUCT_BUNDLE_IDENTIFIER = "pl.Raman-Kozar.Tips";
				PRODUCT_NAME = "$(TARGET_NAME)";
				SWIFT_EMIT_LOC_STRINGS = YES;
				SWIFT_VERSION = 5.0;
				TARGETED_DEVICE_FAMILY = "1,2";
			};
			name = Release;
		};
		4D416FDB2B9F399000333567 /* Debug */ = {
			isa = XCBuildConfiguration;
			buildSettings = {
				ALWAYS_EMBED_SWIFT_STANDARD_LIBRARIES = YES;
				BUNDLE_LOADER = "$(TEST_HOST)";
				CODE_SIGN_STYLE = Automatic;
				CURRENT_PROJECT_VERSION = 1;
				DEVELOPMENT_TEAM = 3JQPLE5ZEK;
				GENERATE_INFOPLIST_FILE = YES;
				IPHONEOS_DEPLOYMENT_TARGET = 17.2;
				MARKETING_VERSION = 1.0;
				PRODUCT_BUNDLE_IDENTIFIER = "pl.Raman-Kozar.TipsTests";
				PRODUCT_NAME = "$(TARGET_NAME)";
				SWIFT_EMIT_LOC_STRINGS = NO;
				SWIFT_VERSION = 5.0;
				TARGETED_DEVICE_FAMILY = "1,2";
				TEST_HOST = "$(BUILT_PRODUCTS_DIR)/Tips.app/$(BUNDLE_EXECUTABLE_FOLDER_PATH)/Tips";
			};
			name = Debug;
		};
		4D416FDC2B9F399000333567 /* Release */ = {
			isa = XCBuildConfiguration;
			buildSettings = {
				ALWAYS_EMBED_SWIFT_STANDARD_LIBRARIES = YES;
				BUNDLE_LOADER = "$(TEST_HOST)";
				CODE_SIGN_STYLE = Automatic;
				CURRENT_PROJECT_VERSION = 1;
				DEVELOPMENT_TEAM = 3JQPLE5ZEK;
				GENERATE_INFOPLIST_FILE = YES;
				IPHONEOS_DEPLOYMENT_TARGET = 17.2;
				MARKETING_VERSION = 1.0;
				PRODUCT_BUNDLE_IDENTIFIER = "pl.Raman-Kozar.TipsTests";
				PRODUCT_NAME = "$(TARGET_NAME)";
				SWIFT_EMIT_LOC_STRINGS = NO;
				SWIFT_VERSION = 5.0;
				TARGETED_DEVICE_FAMILY = "1,2";
				TEST_HOST = "$(BUILT_PRODUCTS_DIR)/Tips.app/$(BUNDLE_EXECUTABLE_FOLDER_PATH)/Tips";
			};
			name = Release;
		};
		4D416FDE2B9F399000333567 /* Debug */ = {
			isa = XCBuildConfiguration;
			buildSettings = {
				ALWAYS_EMBED_SWIFT_STANDARD_LIBRARIES = YES;
				CODE_SIGN_STYLE = Automatic;
				CURRENT_PROJECT_VERSION = 1;
				DEVELOPMENT_TEAM = 3JQPLE5ZEK;
				GENERATE_INFOPLIST_FILE = YES;
				MARKETING_VERSION = 1.0;
				PRODUCT_BUNDLE_IDENTIFIER = "pl.Raman-Kozar.TipsUITests";
				PRODUCT_NAME = "$(TARGET_NAME)";
				SWIFT_EMIT_LOC_STRINGS = NO;
				SWIFT_VERSION = 5.0;
				TARGETED_DEVICE_FAMILY = "1,2";
				TEST_TARGET_NAME = Tips;
			};
			name = Debug;
		};
		4D416FDF2B9F399000333567 /* Release */ = {
			isa = XCBuildConfiguration;
			buildSettings = {
				ALWAYS_EMBED_SWIFT_STANDARD_LIBRARIES = YES;
				CODE_SIGN_STYLE = Automatic;
				CURRENT_PROJECT_VERSION = 1;
				DEVELOPMENT_TEAM = 3JQPLE5ZEK;
				GENERATE_INFOPLIST_FILE = YES;
				MARKETING_VERSION = 1.0;
				PRODUCT_BUNDLE_IDENTIFIER = "pl.Raman-Kozar.TipsUITests";
				PRODUCT_NAME = "$(TARGET_NAME)";
				SWIFT_EMIT_LOC_STRINGS = NO;
				SWIFT_VERSION = 5.0;
				TARGETED_DEVICE_FAMILY = "1,2";
				TEST_TARGET_NAME = Tips;
			};
			name = Release;
		};
/* End XCBuildConfiguration section */

/* Begin XCConfigurationList section */
		4D416FA82B9F398B00333567 /* Build configuration list for PBXProject "Tips" */ = {
			isa = XCConfigurationList;
			buildConfigurations = (
				4D416FD52B9F399000333567 /* Debug */,
				4D416FD62B9F399000333567 /* Release */,
			);
			defaultConfigurationIsVisible = 0;
			defaultConfigurationName = Release;
		};
		4D416FD72B9F399000333567 /* Build configuration list for PBXNativeTarget "Tips" */ = {
			isa = XCConfigurationList;
			buildConfigurations = (
				4D416FD82B9F399000333567 /* Debug */,
				4D416FD92B9F399000333567 /* Release */,
			);
			defaultConfigurationIsVisible = 0;
			defaultConfigurationName = Release;
		};
		4D416FDA2B9F399000333567 /* Build configuration list for PBXNativeTarget "TipsTests" */ = {
			isa = XCConfigurationList;
			buildConfigurations = (
				4D416FDB2B9F399000333567 /* Debug */,
				4D416FDC2B9F399000333567 /* Release */,
			);
			defaultConfigurationIsVisible = 0;
			defaultConfigurationName = Release;
		};
		4D416FDD2B9F399000333567 /* Build configuration list for PBXNativeTarget "TipsUITests" */ = {
			isa = XCConfigurationList;
			buildConfigurations = (
				4D416FDE2B9F399000333567 /* Debug */,
				4D416FDF2B9F399000333567 /* Release */,
			);
			defaultConfigurationIsVisible = 0;
			defaultConfigurationName = Release;
		};
/* End XCConfigurationList section */
	};
	rootObject = 4D416FA52B9F398B00333567 /* Project object */;
}
