// !$*UTF8*$!
{
	archiveVersion = 1;
	classes = {
	};
	objectVersion = 56;
	objects = {

/* Begin PBXBuildFile section */
		4D015CB02BFD5BAE00B095BF /* TipsStepper.swift in Sources */ = {isa = PBXBuildFile; fileRef = 4D015CAF2BFD5BAE00B095BF /* TipsStepper.swift */; };
		4D015CB22BFD5BE700B095BF /* TipsStepper+MainButton.swift in Sources */ = {isa = PBXBuildFile; fileRef = 4D015CB12BFD5BE700B095BF /* TipsStepper+MainButton.swift */; };
		4D074C8B2C13CAE400AFEFD8 /* TipsCalculations.swift in Sources */ = {isa = PBXBuildFile; fileRef = 4D074C8A2C13CAE400AFEFD8 /* TipsCalculations.swift */; };
		4D159F852BC025E9003EC231 /* RatingExperience.swift in Sources */ = {isa = PBXBuildFile; fileRef = 4D159F842BC025E9003EC231 /* RatingExperience.swift */; };
		4D1C119B2B9FF10A00FEAB9E /* ShareViewController.swift in Sources */ = {isa = PBXBuildFile; fileRef = 4D1C119A2B9FF10A00FEAB9E /* ShareViewController.swift */; };
		4D1C119D2B9FF21400FEAB9E /* FavouriteSwiftUIView.swift in Sources */ = {isa = PBXBuildFile; fileRef = 4D1C119C2B9FF21400FEAB9E /* FavouriteSwiftUIView.swift */; };
		4D3152382BBD6C7300FB41BE /* ComponentsForTipGuide.swift in Sources */ = {isa = PBXBuildFile; fileRef = 4D3152372BBD6C7300FB41BE /* ComponentsForTipGuide.swift */; };
		4D3D72112BAE4CFD00105F89 /* Green@2x.png in Resources */ = {isa = PBXBuildFile; fileRef = 4D3D71FF2BAE4CFD00105F89 /* Green@2x.png */; };
		4D3D72122BAE4CFD00105F89 /* Teal.png in Resources */ = {isa = PBXBuildFile; fileRef = 4D3D72002BAE4CFD00105F89 /* Teal.png */; };
		4D3D72132BAE4CFD00105F89 /* Green@3x.png in Resources */ = {isa = PBXBuildFile; fileRef = 4D3D72012BAE4CFD00105F89 /* Green@3x.png */; };
		4D3D72142BAE4CFD00105F89 /* Teal@2x.png in Resources */ = {isa = PBXBuildFile; fileRef = 4D3D72022BAE4CFD00105F89 /* Teal@2x.png */; };
		4D3D72152BAE4CFD00105F89 /* Orange.png in Resources */ = {isa = PBXBuildFile; fileRef = 4D3D72032BAE4CFD00105F89 /* Orange.png */; };
		4D3D72162BAE4CFD00105F89 /* Sea@3x.png in Resources */ = {isa = PBXBuildFile; fileRef = 4D3D72042BAE4CFD00105F89 /* Sea@3x.png */; };
		4D3D72172BAE4CFD00105F89 /* Jaundiced@3x.png in Resources */ = {isa = PBXBuildFile; fileRef = 4D3D72052BAE4CFD00105F89 /* Jaundiced@3x.png */; };
		4D3D72182BAE4CFD00105F89 /* Jaundiced@2x.png in Resources */ = {isa = PBXBuildFile; fileRef = 4D3D72062BAE4CFD00105F89 /* Jaundiced@2x.png */; };
		4D3D72192BAE4CFD00105F89 /* Sea.png in Resources */ = {isa = PBXBuildFile; fileRef = 4D3D72072BAE4CFD00105F89 /* Sea.png */; };
		4D3D721A2BAE4CFD00105F89 /* Dark.png in Resources */ = {isa = PBXBuildFile; fileRef = 4D3D72082BAE4CFD00105F89 /* Dark.png */; };
		4D3D721B2BAE4CFD00105F89 /* Orange@2x.png in Resources */ = {isa = PBXBuildFile; fileRef = 4D3D72092BAE4CFD00105F89 /* Orange@2x.png */; };
		4D3D721C2BAE4CFD00105F89 /* Sea@2x.png in Resources */ = {isa = PBXBuildFile; fileRef = 4D3D720A2BAE4CFD00105F89 /* Sea@2x.png */; };
		4D3D721D2BAE4CFD00105F89 /* Dark@3x.png in Resources */ = {isa = PBXBuildFile; fileRef = 4D3D720B2BAE4CFD00105F89 /* Dark@3x.png */; };
		4D3D721E2BAE4CFD00105F89 /* Dark@2x.png in Resources */ = {isa = PBXBuildFile; fileRef = 4D3D720C2BAE4CFD00105F89 /* Dark@2x.png */; };
		4D3D721F2BAE4CFD00105F89 /* Teal@3x.png in Resources */ = {isa = PBXBuildFile; fileRef = 4D3D720D2BAE4CFD00105F89 /* Teal@3x.png */; };
		4D3D72202BAE4CFD00105F89 /* Green.png in Resources */ = {isa = PBXBuildFile; fileRef = 4D3D720E2BAE4CFD00105F89 /* Green.png */; };
		4D3D72212BAE4CFD00105F89 /* Jaundiced.png in Resources */ = {isa = PBXBuildFile; fileRef = 4D3D720F2BAE4CFD00105F89 /* Jaundiced.png */; };
		4D3D72222BAE4CFD00105F89 /* Orange@3x.png in Resources */ = {isa = PBXBuildFile; fileRef = 4D3D72102BAE4CFD00105F89 /* Orange@3x.png */; };
		4D416FB12B9F398B00333567 /* AppDelegate.swift in Sources */ = {isa = PBXBuildFile; fileRef = 4D416FB02B9F398B00333567 /* AppDelegate.swift */; };
		4D416FB32B9F398B00333567 /* SceneDelegate.swift in Sources */ = {isa = PBXBuildFile; fileRef = 4D416FB22B9F398B00333567 /* SceneDelegate.swift */; };
		4D416FB52B9F398B00333567 /* TipsCalulatorViewController.swift in Sources */ = {isa = PBXBuildFile; fileRef = 4D416FB42B9F398B00333567 /* TipsCalulatorViewController.swift */; };
		4D416FB82B9F398B00333567 /* Main.storyboard in Resources */ = {isa = PBXBuildFile; fileRef = 4D416FB62B9F398B00333567 /* Main.storyboard */; };
		4D416FBA2B9F399000333567 /* Assets.xcassets in Resources */ = {isa = PBXBuildFile; fileRef = 4D416FB92B9F399000333567 /* Assets.xcassets */; };
		4D416FBD2B9F399000333567 /* LaunchScreen.storyboard in Resources */ = {isa = PBXBuildFile; fileRef = 4D416FBB2B9F399000333567 /* LaunchScreen.storyboard */; };
		4D47B8582BBC36D4008829DE /* ParseringMap.swift in Sources */ = {isa = PBXBuildFile; fileRef = 4D47B8572BBC36D4008829DE /* ParseringMap.swift */; };
		4D47B85A2BBC36DB008829DE /* DrawingMap.swift in Sources */ = {isa = PBXBuildFile; fileRef = 4D47B8592BBC36DB008829DE /* DrawingMap.swift */; };
		4D47B85C2BBC36E3008829DE /* ComponentsMap.swift in Sources */ = {isa = PBXBuildFile; fileRef = 4D47B85B2BBC36E3008829DE /* ComponentsMap.swift */; };
		4D47B8642BBC3A1A008829DE /* world-low.svg in Resources */ = {isa = PBXBuildFile; fileRef = 4D47B8622BBC3A1A008829DE /* world-low.svg */; };
		4D548F3C2BA007F000D07A9E /* FavouriteViewController.swift in Sources */ = {isa = PBXBuildFile; fileRef = 4D548F3B2BA007F000D07A9E /* FavouriteViewController.swift */; };
		4D548F3E2BA00A8A00D07A9E /* TipGuideSwiftUIView.swift in Sources */ = {isa = PBXBuildFile; fileRef = 4D548F3D2BA00A8A00D07A9E /* TipGuideSwiftUIView.swift */; };
		4D548F402BA00BAA00D07A9E /* TipGuideViewController.swift in Sources */ = {isa = PBXBuildFile; fileRef = 4D548F3F2BA00BAA00D07A9E /* TipGuideViewController.swift */; };
		4D5716062BC614C100B0AD1C /* WhatIsNew.swift in Sources */ = {isa = PBXBuildFile; fileRef = 4D5716052BC614C100B0AD1C /* WhatIsNew.swift */; };
		4D5E1BC82BBEC9C5003D03F1 /* tips-worldwide.json in Resources */ = {isa = PBXBuildFile; fileRef = 4D5E1BC72BBEC9C5003D03F1 /* tips-worldwide.json */; };
		4D6576DC2BF8C8A700A222C4 /* TipsCalulatorUI.swift in Sources */ = {isa = PBXBuildFile; fileRef = 4D6576DB2BF8C8A700A222C4 /* TipsCalulatorUI.swift */; };
		4D6576DF2BF8CD1600A222C4 /* CurrencyTipsTextField.swift in Sources */ = {isa = PBXBuildFile; fileRef = 4D6576DE2BF8CD1600A222C4 /* CurrencyTipsTextField.swift */; };
		4D6576E12BF8CD5000A222C4 /* CurrencyTipsUITextField.swift in Sources */ = {isa = PBXBuildFile; fileRef = 4D6576E02BF8CD5000A222C4 /* CurrencyTipsUITextField.swift */; };
		4D701B4E2C5146A000676AF7 /* SmartTipsProUITests.swift in Sources */ = {isa = PBXBuildFile; fileRef = 4D701B4D2C5146A000676AF7 /* SmartTipsProUITests.swift */; };
		4D701B502C5146A000676AF7 /* SmartTipsProUITestsLaunchTests.swift in Sources */ = {isa = PBXBuildFile; fileRef = 4D701B4F2C5146A000676AF7 /* SmartTipsProUITestsLaunchTests.swift */; };
		4D701B5D2C5146B900676AF7 /* SmartTipsProTests.swift in Sources */ = {isa = PBXBuildFile; fileRef = 4D701B5C2C5146B900676AF7 /* SmartTipsProTests.swift */; };
		4D90AD2A2BCB7678000C373E /* Debug-Keys.plist in Resources */ = {isa = PBXBuildFile; fileRef = 4D90AD292BCB7678000C373E /* Debug-Keys.plist */; };
		4D90AD2C2BCB76BA000C373E /* Prod-Keys.plist in Resources */ = {isa = PBXBuildFile; fileRef = 4D90AD2B2BCB76BA000C373E /* Prod-Keys.plist */; };
		4D90AD2F2BCB7721000C373E /* SecureSavingAPI.swift in Sources */ = {isa = PBXBuildFile; fileRef = 4D90AD2E2BCB7721000C373E /* SecureSavingAPI.swift */; };
		4D92B8532BAA60A300539710 /* Localizations.swift in Sources */ = {isa = PBXBuildFile; fileRef = 4D9ACDF82BA7EAB50075C3F6 /* Localizations.swift */; };
		4D942A542C3F5BFC0030138B /* TipsModelObject.swift in Sources */ = {isa = PBXBuildFile; fileRef = 4D942A532C3F5BFC0030138B /* TipsModelObject.swift */; };
		4D942A562C3F5EEB0030138B /* TipsModel.swift in Sources */ = {isa = PBXBuildFile; fileRef = 4D942A552C3F5EEB0030138B /* TipsModel.swift */; };
		4D9ACDEB2BA37B340075C3F6 /* TabBarViewController.swift in Sources */ = {isa = PBXBuildFile; fileRef = 4D9ACDEA2BA37B340075C3F6 /* TabBarViewController.swift */; };
		4D9ACDED2BA389450075C3F6 /* SettingsSwiftUIView.swift in Sources */ = {isa = PBXBuildFile; fileRef = 4D9ACDEC2BA389450075C3F6 /* SettingsSwiftUIView.swift */; };
		4D9ACDEF2BA38A300075C3F6 /* SettingsViewController.swift in Sources */ = {isa = PBXBuildFile; fileRef = 4D9ACDEE2BA38A300075C3F6 /* SettingsViewController.swift */; };
		4D9ACDF12BA3DC2E0075C3F6 /* Languages.swift in Sources */ = {isa = PBXBuildFile; fileRef = 4D9ACDF02BA3DC2E0075C3F6 /* Languages.swift */; };
		4D9ACDF72BA7E7FD0075C3F6 /* Localizable.strings in Resources */ = {isa = PBXBuildFile; fileRef = 4D9ACDF52BA7E7FD0075C3F6 /* Localizable.strings */; };
		4DA44B6E2BA264DB005EC103 /* SplashViewController.swift in Sources */ = {isa = PBXBuildFile; fileRef = 4DA44B6D2BA264DB005EC103 /* SplashViewController.swift */; };
		4DA44B742BA26706005EC103 /* SplashPresenter.swift in Sources */ = {isa = PBXBuildFile; fileRef = 4DA44B732BA26706005EC103 /* SplashPresenter.swift */; };
		4DB69D2B2BC4B318005B5B68 /* ReviewEmail.swift in Sources */ = {isa = PBXBuildFile; fileRef = 4DB69D2A2BC4B318005B5B68 /* ReviewEmail.swift */; };
		4DB69D312BC4B5FE005B5B68 /* MailSwiftUIView.swift in Sources */ = {isa = PBXBuildFile; fileRef = 4DB69D302BC4B5FE005B5B68 /* MailSwiftUIView.swift */; };
		4DB7C8FA2C0F75A9004049F0 /* AdditionsToMainUI.swift in Sources */ = {isa = PBXBuildFile; fileRef = 4DB7C8F92C0F75A9004049F0 /* AdditionsToMainUI.swift */; };
		4DC8AB832BA27DF9002AB3BF /* SplashAnimator.swift in Sources */ = {isa = PBXBuildFile; fileRef = 4DC8AB822BA27DF9002AB3BF /* SplashAnimator.swift */; };
		4DE4B8892BB9E9A300894158 /* Currencies.swift in Sources */ = {isa = PBXBuildFile; fileRef = 4DE4B8882BB9E9A300894158 /* Currencies.swift */; };
		4DE4B88C2BBA3B1200894158 /* DefaultPercentage.swift in Sources */ = {isa = PBXBuildFile; fileRef = 4DE4B88B2BBA3B1200894158 /* DefaultPercentage.swift */; };
		4DE4D6212BAFCA5500160224 /* Icons.swift in Sources */ = {isa = PBXBuildFile; fileRef = 4DE4D6202BAFCA5500160224 /* Icons.swift */; };
		4DE4D6232BB10C2900160224 /* Extensions.swift in Sources */ = {isa = PBXBuildFile; fileRef = 4DE4D6222BB10C2900160224 /* Extensions.swift */; };
		4DE4D6262BB1164E00160224 /* ChangeApplicationIcon.swift in Sources */ = {isa = PBXBuildFile; fileRef = 4DE4D6252BB1164E00160224 /* ChangeApplicationIcon.swift */; };
		4DE4D6292BB1170600160224 /* DetailLanguages.swift in Sources */ = {isa = PBXBuildFile; fileRef = 4DE4D6282BB1170600160224 /* DetailLanguages.swift */; };
		4DE4D62C2BB1186700160224 /* CurrencyCodes.swift in Sources */ = {isa = PBXBuildFile; fileRef = 4DE4D62B2BB1186700160224 /* CurrencyCodes.swift */; };
		4DE8617D2BAA6F9F002B2475 /* ModeChangeView.swift in Sources */ = {isa = PBXBuildFile; fileRef = 4DE8617C2BAA6F9F002B2475 /* ModeChangeView.swift */; };
		6217CE8FA32B212D6F489740 /* Pods_SmartTipsPro.framework in Frameworks */ = {isa = PBXBuildFile; fileRef = 66814B6A8B0A2D1E1E0B13D7 /* Pods_SmartTipsPro.framework */; };
		A48C9A7C643FFA422C02F70B /* Pods_SmartTipsProTests.framework in Frameworks */ = {isa = PBXBuildFile; fileRef = 8481DEEA97567B952409C36C /* Pods_SmartTipsProTests.framework */; };
		E48055E3B1EB28DB487B8F5A /* Pods_SmartTipsPro_SmartTipsProUITests.framework in Frameworks */ = {isa = PBXBuildFile; fileRef = 9522774089E11D67C038D407 /* Pods_SmartTipsPro_SmartTipsProUITests.framework */; };
/* End PBXBuildFile section */

/* Begin PBXContainerItemProxy section */
		4D701B512C5146A000676AF7 /* PBXContainerItemProxy */ = {
			isa = PBXContainerItemProxy;
			containerPortal = 4D416FA52B9F398B00333567 /* Project object */;
			proxyType = 1;
			remoteGlobalIDString = 4D416FAC2B9F398B00333567;
			remoteInfo = SmartTipsPro;
		};
		4D701B5E2C5146B900676AF7 /* PBXContainerItemProxy */ = {
			isa = PBXContainerItemProxy;
			containerPortal = 4D416FA52B9F398B00333567 /* Project object */;
			proxyType = 1;
			remoteGlobalIDString = 4D416FAC2B9F398B00333567;
			remoteInfo = SmartTipsPro;
		};
/* End PBXContainerItemProxy section */

/* Begin PBXFileReference section */
		014314FE7BD1A1DCEF89ACB1 /* Pods-SmartTipsProTests.debug.xcconfig */ = {isa = PBXFileReference; includeInIndex = 1; lastKnownFileType = text.xcconfig; name = "Pods-SmartTipsProTests.debug.xcconfig"; path = "Target Support Files/Pods-SmartTipsProTests/Pods-SmartTipsProTests.debug.xcconfig"; sourceTree = "<group>"; };
		0C15335BE4EC924E0072E041 /* Pods-SmartTipsProTests.release.xcconfig */ = {isa = PBXFileReference; includeInIndex = 1; lastKnownFileType = text.xcconfig; name = "Pods-SmartTipsProTests.release.xcconfig"; path = "Target Support Files/Pods-SmartTipsProTests/Pods-SmartTipsProTests.release.xcconfig"; sourceTree = "<group>"; };
		4D015CAF2BFD5BAE00B095BF /* TipsStepper.swift */ = {isa = PBXFileReference; lastKnownFileType = sourcecode.swift; path = TipsStepper.swift; sourceTree = "<group>"; };
		4D015CB12BFD5BE700B095BF /* TipsStepper+MainButton.swift */ = {isa = PBXFileReference; lastKnownFileType = sourcecode.swift; path = "TipsStepper+MainButton.swift"; sourceTree = "<group>"; };
		4D074C8A2C13CAE400AFEFD8 /* TipsCalculations.swift */ = {isa = PBXFileReference; lastKnownFileType = sourcecode.swift; path = TipsCalculations.swift; sourceTree = "<group>"; };
		4D159F842BC025E9003EC231 /* RatingExperience.swift */ = {isa = PBXFileReference; lastKnownFileType = sourcecode.swift; path = RatingExperience.swift; sourceTree = "<group>"; };
		4D1C119A2B9FF10A00FEAB9E /* ShareViewController.swift */ = {isa = PBXFileReference; lastKnownFileType = sourcecode.swift; path = ShareViewController.swift; sourceTree = "<group>"; };
		4D1C119C2B9FF21400FEAB9E /* FavouriteSwiftUIView.swift */ = {isa = PBXFileReference; lastKnownFileType = sourcecode.swift; path = FavouriteSwiftUIView.swift; sourceTree = "<group>"; };
		4D3152372BBD6C7300FB41BE /* ComponentsForTipGuide.swift */ = {isa = PBXFileReference; lastKnownFileType = sourcecode.swift; path = ComponentsForTipGuide.swift; sourceTree = "<group>"; };
		4D3D71FF2BAE4CFD00105F89 /* Green@2x.png */ = {isa = PBXFileReference; lastKnownFileType = image.png; path = "Green@2x.png"; sourceTree = "<group>"; };
		4D3D72002BAE4CFD00105F89 /* Teal.png */ = {isa = PBXFileReference; lastKnownFileType = image.png; path = Teal.png; sourceTree = "<group>"; };
		4D3D72012BAE4CFD00105F89 /* Green@3x.png */ = {isa = PBXFileReference; lastKnownFileType = image.png; path = "Green@3x.png"; sourceTree = "<group>"; };
		4D3D72022BAE4CFD00105F89 /* Teal@2x.png */ = {isa = PBXFileReference; lastKnownFileType = image.png; path = "Teal@2x.png"; sourceTree = "<group>"; };
		4D3D72032BAE4CFD00105F89 /* Orange.png */ = {isa = PBXFileReference; lastKnownFileType = image.png; path = Orange.png; sourceTree = "<group>"; };
		4D3D72042BAE4CFD00105F89 /* Sea@3x.png */ = {isa = PBXFileReference; lastKnownFileType = image.png; path = "Sea@3x.png"; sourceTree = "<group>"; };
		4D3D72052BAE4CFD00105F89 /* Jaundiced@3x.png */ = {isa = PBXFileReference; lastKnownFileType = image.png; path = "Jaundiced@3x.png"; sourceTree = "<group>"; };
		4D3D72062BAE4CFD00105F89 /* Jaundiced@2x.png */ = {isa = PBXFileReference; lastKnownFileType = image.png; path = "Jaundiced@2x.png"; sourceTree = "<group>"; };
		4D3D72072BAE4CFD00105F89 /* Sea.png */ = {isa = PBXFileReference; lastKnownFileType = image.png; path = Sea.png; sourceTree = "<group>"; };
		4D3D72082BAE4CFD00105F89 /* Dark.png */ = {isa = PBXFileReference; lastKnownFileType = image.png; path = Dark.png; sourceTree = "<group>"; };
		4D3D72092BAE4CFD00105F89 /* Orange@2x.png */ = {isa = PBXFileReference; lastKnownFileType = image.png; path = "Orange@2x.png"; sourceTree = "<group>"; };
		4D3D720A2BAE4CFD00105F89 /* Sea@2x.png */ = {isa = PBXFileReference; lastKnownFileType = image.png; path = "Sea@2x.png"; sourceTree = "<group>"; };
		4D3D720B2BAE4CFD00105F89 /* Dark@3x.png */ = {isa = PBXFileReference; lastKnownFileType = image.png; path = "Dark@3x.png"; sourceTree = "<group>"; };
		4D3D720C2BAE4CFD00105F89 /* Dark@2x.png */ = {isa = PBXFileReference; lastKnownFileType = image.png; path = "Dark@2x.png"; sourceTree = "<group>"; };
		4D3D720D2BAE4CFD00105F89 /* Teal@3x.png */ = {isa = PBXFileReference; lastKnownFileType = image.png; path = "Teal@3x.png"; sourceTree = "<group>"; };
		4D3D720E2BAE4CFD00105F89 /* Green.png */ = {isa = PBXFileReference; lastKnownFileType = image.png; path = Green.png; sourceTree = "<group>"; };
		4D3D720F2BAE4CFD00105F89 /* Jaundiced.png */ = {isa = PBXFileReference; lastKnownFileType = image.png; path = Jaundiced.png; sourceTree = "<group>"; };
		4D3D72102BAE4CFD00105F89 /* Orange@3x.png */ = {isa = PBXFileReference; lastKnownFileType = image.png; path = "Orange@3x.png"; sourceTree = "<group>"; };
		4D416FAD2B9F398B00333567 /* SmartTipsPro.app */ = {isa = PBXFileReference; explicitFileType = wrapper.application; includeInIndex = 0; path = SmartTipsPro.app; sourceTree = BUILT_PRODUCTS_DIR; };
		4D416FB02B9F398B00333567 /* AppDelegate.swift */ = {isa = PBXFileReference; lastKnownFileType = sourcecode.swift; path = AppDelegate.swift; sourceTree = "<group>"; };
		4D416FB22B9F398B00333567 /* SceneDelegate.swift */ = {isa = PBXFileReference; lastKnownFileType = sourcecode.swift; path = SceneDelegate.swift; sourceTree = "<group>"; };
		4D416FB42B9F398B00333567 /* TipsCalulatorViewController.swift */ = {isa = PBXFileReference; lastKnownFileType = sourcecode.swift; path = TipsCalulatorViewController.swift; sourceTree = "<group>"; };
		4D416FB72B9F398B00333567 /* Base */ = {isa = PBXFileReference; lastKnownFileType = file.storyboard; name = Base; path = Base.lproj/Main.storyboard; sourceTree = "<group>"; };
		4D416FB92B9F399000333567 /* Assets.xcassets */ = {isa = PBXFileReference; lastKnownFileType = folder.assetcatalog; path = Assets.xcassets; sourceTree = "<group>"; };
		4D416FBC2B9F399000333567 /* Base */ = {isa = PBXFileReference; lastKnownFileType = file.storyboard; name = Base; path = Base.lproj/LaunchScreen.storyboard; sourceTree = "<group>"; };
		4D416FBE2B9F399000333567 /* Info.plist */ = {isa = PBXFileReference; lastKnownFileType = text.plist.xml; path = Info.plist; sourceTree = "<group>"; };
		4D47B8572BBC36D4008829DE /* ParseringMap.swift */ = {isa = PBXFileReference; lastKnownFileType = sourcecode.swift; path = ParseringMap.swift; sourceTree = "<group>"; };
		4D47B8592BBC36DB008829DE /* DrawingMap.swift */ = {isa = PBXFileReference; lastKnownFileType = sourcecode.swift; path = DrawingMap.swift; sourceTree = "<group>"; };
		4D47B85B2BBC36E3008829DE /* ComponentsMap.swift */ = {isa = PBXFileReference; lastKnownFileType = sourcecode.swift; path = ComponentsMap.swift; sourceTree = "<group>"; };
		4D47B8622BBC3A1A008829DE /* world-low.svg */ = {isa = PBXFileReference; fileEncoding = 4; lastKnownFileType = text.xml; path = "world-low.svg"; sourceTree = "<group>"; };
		4D548F3B2BA007F000D07A9E /* FavouriteViewController.swift */ = {isa = PBXFileReference; lastKnownFileType = sourcecode.swift; path = FavouriteViewController.swift; sourceTree = "<group>"; };
		4D548F3D2BA00A8A00D07A9E /* TipGuideSwiftUIView.swift */ = {isa = PBXFileReference; lastKnownFileType = sourcecode.swift; path = TipGuideSwiftUIView.swift; sourceTree = "<group>"; };
		4D548F3F2BA00BAA00D07A9E /* TipGuideViewController.swift */ = {isa = PBXFileReference; lastKnownFileType = sourcecode.swift; path = TipGuideViewController.swift; sourceTree = "<group>"; };
		4D5716052BC614C100B0AD1C /* WhatIsNew.swift */ = {isa = PBXFileReference; lastKnownFileType = sourcecode.swift; path = WhatIsNew.swift; sourceTree = "<group>"; };
		4D5E1BC72BBEC9C5003D03F1 /* tips-worldwide.json */ = {isa = PBXFileReference; fileEncoding = 4; lastKnownFileType = text.json; path = "tips-worldwide.json"; sourceTree = "<group>"; };
		4D6576DB2BF8C8A700A222C4 /* TipsCalulatorUI.swift */ = {isa = PBXFileReference; lastKnownFileType = sourcecode.swift; path = TipsCalulatorUI.swift; sourceTree = "<group>"; };
		4D6576DE2BF8CD1600A222C4 /* CurrencyTipsTextField.swift */ = {isa = PBXFileReference; lastKnownFileType = sourcecode.swift; path = CurrencyTipsTextField.swift; sourceTree = "<group>"; };
		4D6576E02BF8CD5000A222C4 /* CurrencyTipsUITextField.swift */ = {isa = PBXFileReference; lastKnownFileType = sourcecode.swift; path = CurrencyTipsUITextField.swift; sourceTree = "<group>"; };
		4D701B4B2C5146A000676AF7 /* SmartTipsProUITests.xctest */ = {isa = PBXFileReference; explicitFileType = wrapper.cfbundle; includeInIndex = 0; path = SmartTipsProUITests.xctest; sourceTree = BUILT_PRODUCTS_DIR; };
		4D701B4D2C5146A000676AF7 /* SmartTipsProUITests.swift */ = {isa = PBXFileReference; lastKnownFileType = sourcecode.swift; path = SmartTipsProUITests.swift; sourceTree = "<group>"; };
		4D701B4F2C5146A000676AF7 /* SmartTipsProUITestsLaunchTests.swift */ = {isa = PBXFileReference; lastKnownFileType = sourcecode.swift; path = SmartTipsProUITestsLaunchTests.swift; sourceTree = "<group>"; };
		4D701B5A2C5146B900676AF7 /* SmartTipsProTests.xctest */ = {isa = PBXFileReference; explicitFileType = wrapper.cfbundle; includeInIndex = 0; path = SmartTipsProTests.xctest; sourceTree = BUILT_PRODUCTS_DIR; };
		4D701B5C2C5146B900676AF7 /* SmartTipsProTests.swift */ = {isa = PBXFileReference; lastKnownFileType = sourcecode.swift; path = SmartTipsProTests.swift; sourceTree = "<group>"; };
		4D90AD292BCB7678000C373E /* Debug-Keys.plist */ = {isa = PBXFileReference; lastKnownFileType = text.plist.xml; path = "Debug-Keys.plist"; sourceTree = "<group>"; };
		4D90AD2B2BCB76BA000C373E /* Prod-Keys.plist */ = {isa = PBXFileReference; lastKnownFileType = text.plist.xml; path = "Prod-Keys.plist"; sourceTree = "<group>"; };
		4D90AD2E2BCB7721000C373E /* SecureSavingAPI.swift */ = {isa = PBXFileReference; lastKnownFileType = sourcecode.swift; path = SecureSavingAPI.swift; sourceTree = "<group>"; };
		4D942A532C3F5BFC0030138B /* TipsModelObject.swift */ = {isa = PBXFileReference; lastKnownFileType = sourcecode.swift; path = TipsModelObject.swift; sourceTree = "<group>"; };
		4D942A552C3F5EEB0030138B /* TipsModel.swift */ = {isa = PBXFileReference; lastKnownFileType = sourcecode.swift; path = TipsModel.swift; sourceTree = "<group>"; };
		4D9ACDEA2BA37B340075C3F6 /* TabBarViewController.swift */ = {isa = PBXFileReference; lastKnownFileType = sourcecode.swift; path = TabBarViewController.swift; sourceTree = "<group>"; };
		4D9ACDEC2BA389450075C3F6 /* SettingsSwiftUIView.swift */ = {isa = PBXFileReference; lastKnownFileType = sourcecode.swift; path = SettingsSwiftUIView.swift; sourceTree = "<group>"; };
		4D9ACDEE2BA38A300075C3F6 /* SettingsViewController.swift */ = {isa = PBXFileReference; lastKnownFileType = sourcecode.swift; path = SettingsViewController.swift; sourceTree = "<group>"; };
		4D9ACDF02BA3DC2E0075C3F6 /* Languages.swift */ = {isa = PBXFileReference; lastKnownFileType = sourcecode.swift; path = Languages.swift; sourceTree = "<group>"; };
		4D9ACDF32BA7E4DB0075C3F6 /* ru */ = {isa = PBXFileReference; lastKnownFileType = text.plist.strings; name = ru; path = ru.lproj/Main.strings; sourceTree = "<group>"; };
		4D9ACDF62BA7E7FD0075C3F6 /* en */ = {isa = PBXFileReference; lastKnownFileType = text.plist.strings; name = en; path = en.lproj/Localizable.strings; sourceTree = "<group>"; };
		4D9ACDF82BA7EAB50075C3F6 /* Localizations.swift */ = {isa = PBXFileReference; lastKnownFileType = sourcecode.swift; path = Localizations.swift; sourceTree = "<group>"; };
		4D9ACDFA2BA8EE090075C3F6 /* pl */ = {isa = PBXFileReference; lastKnownFileType = text.plist.strings; name = pl; path = pl.lproj/Localizable.strings; sourceTree = "<group>"; };
		4D9ACDFB2BA8EE0B0075C3F6 /* ru */ = {isa = PBXFileReference; lastKnownFileType = text.plist.strings; name = ru; path = ru.lproj/Localizable.strings; sourceTree = "<group>"; };
		4D9ACDFD2BA8F7230075C3F6 /* en */ = {isa = PBXFileReference; lastKnownFileType = text.plist.strings; name = en; path = en.lproj/Main.strings; sourceTree = "<group>"; };
		4D9ACDFF2BA8F8800075C3F6 /* pl */ = {isa = PBXFileReference; lastKnownFileType = text.plist.strings; name = pl; path = pl.lproj/Main.strings; sourceTree = "<group>"; };
		4DA44B6D2BA264DB005EC103 /* SplashViewController.swift */ = {isa = PBXFileReference; lastKnownFileType = sourcecode.swift; path = SplashViewController.swift; sourceTree = "<group>"; };
		4DA44B732BA26706005EC103 /* SplashPresenter.swift */ = {isa = PBXFileReference; lastKnownFileType = sourcecode.swift; path = SplashPresenter.swift; sourceTree = "<group>"; };
		4DB69D2A2BC4B318005B5B68 /* ReviewEmail.swift */ = {isa = PBXFileReference; lastKnownFileType = sourcecode.swift; path = ReviewEmail.swift; sourceTree = "<group>"; };
		4DB69D302BC4B5FE005B5B68 /* MailSwiftUIView.swift */ = {isa = PBXFileReference; lastKnownFileType = sourcecode.swift; path = MailSwiftUIView.swift; sourceTree = "<group>"; };
		4DB7C8F92C0F75A9004049F0 /* AdditionsToMainUI.swift */ = {isa = PBXFileReference; lastKnownFileType = sourcecode.swift; path = AdditionsToMainUI.swift; sourceTree = "<group>"; };
		4DC8AB822BA27DF9002AB3BF /* SplashAnimator.swift */ = {isa = PBXFileReference; lastKnownFileType = sourcecode.swift; path = SplashAnimator.swift; sourceTree = "<group>"; };
		4DE4B8882BB9E9A300894158 /* Currencies.swift */ = {isa = PBXFileReference; lastKnownFileType = sourcecode.swift; path = Currencies.swift; sourceTree = "<group>"; };
		4DE4B88B2BBA3B1200894158 /* DefaultPercentage.swift */ = {isa = PBXFileReference; lastKnownFileType = sourcecode.swift; path = DefaultPercentage.swift; sourceTree = "<group>"; };
		4DE4D6202BAFCA5500160224 /* Icons.swift */ = {isa = PBXFileReference; lastKnownFileType = sourcecode.swift; path = Icons.swift; sourceTree = "<group>"; };
		4DE4D6222BB10C2900160224 /* Extensions.swift */ = {isa = PBXFileReference; lastKnownFileType = sourcecode.swift; path = Extensions.swift; sourceTree = "<group>"; };
		4DE4D6252BB1164E00160224 /* ChangeApplicationIcon.swift */ = {isa = PBXFileReference; lastKnownFileType = sourcecode.swift; path = ChangeApplicationIcon.swift; sourceTree = "<group>"; };
		4DE4D6282BB1170600160224 /* DetailLanguages.swift */ = {isa = PBXFileReference; lastKnownFileType = sourcecode.swift; path = DetailLanguages.swift; sourceTree = "<group>"; };
		4DE4D62B2BB1186700160224 /* CurrencyCodes.swift */ = {isa = PBXFileReference; lastKnownFileType = sourcecode.swift; path = CurrencyCodes.swift; sourceTree = "<group>"; };
		4DE8617C2BAA6F9F002B2475 /* ModeChangeView.swift */ = {isa = PBXFileReference; lastKnownFileType = sourcecode.swift; path = ModeChangeView.swift; sourceTree = "<group>"; };
		66814B6A8B0A2D1E1E0B13D7 /* Pods_SmartTipsPro.framework */ = {isa = PBXFileReference; explicitFileType = wrapper.framework; includeInIndex = 0; path = Pods_SmartTipsPro.framework; sourceTree = BUILT_PRODUCTS_DIR; };
		66D13A445908EE0C19080139 /* Pods-SmartTipsPro.debug.xcconfig */ = {isa = PBXFileReference; includeInIndex = 1; lastKnownFileType = text.xcconfig; name = "Pods-SmartTipsPro.debug.xcconfig"; path = "Target Support Files/Pods-SmartTipsPro/Pods-SmartTipsPro.debug.xcconfig"; sourceTree = "<group>"; };
		8481DEEA97567B952409C36C /* Pods_SmartTipsProTests.framework */ = {isa = PBXFileReference; explicitFileType = wrapper.framework; includeInIndex = 0; path = Pods_SmartTipsProTests.framework; sourceTree = BUILT_PRODUCTS_DIR; };
		9522774089E11D67C038D407 /* Pods_SmartTipsPro_SmartTipsProUITests.framework */ = {isa = PBXFileReference; explicitFileType = wrapper.framework; includeInIndex = 0; path = Pods_SmartTipsPro_SmartTipsProUITests.framework; sourceTree = BUILT_PRODUCTS_DIR; };
		AB06344BD68E0EA4D4B9D17F /* Pods-SmartTipsPro-SmartTipsProUITests.release.xcconfig */ = {isa = PBXFileReference; includeInIndex = 1; lastKnownFileType = text.xcconfig; name = "Pods-SmartTipsPro-SmartTipsProUITests.release.xcconfig"; path = "Target Support Files/Pods-SmartTipsPro-SmartTipsProUITests/Pods-SmartTipsPro-SmartTipsProUITests.release.xcconfig"; sourceTree = "<group>"; };
		E08AE14A2CE0581629C6F8E8 /* Pods-SmartTipsPro.release.xcconfig */ = {isa = PBXFileReference; includeInIndex = 1; lastKnownFileType = text.xcconfig; name = "Pods-SmartTipsPro.release.xcconfig"; path = "Target Support Files/Pods-SmartTipsPro/Pods-SmartTipsPro.release.xcconfig"; sourceTree = "<group>"; };
		F70ED1849E9EBA9286555301 /* Pods-SmartTipsPro-SmartTipsProUITests.debug.xcconfig */ = {isa = PBXFileReference; includeInIndex = 1; lastKnownFileType = text.xcconfig; name = "Pods-SmartTipsPro-SmartTipsProUITests.debug.xcconfig"; path = "Target Support Files/Pods-SmartTipsPro-SmartTipsProUITests/Pods-SmartTipsPro-SmartTipsProUITests.debug.xcconfig"; sourceTree = "<group>"; };
/* End PBXFileReference section */

/* Begin PBXFrameworksBuildPhase section */
		4D416FAA2B9F398B00333567 /* Frameworks */ = {
			isa = PBXFrameworksBuildPhase;
			buildActionMask = 2147483647;
			files = (
				6217CE8FA32B212D6F489740 /* Pods_SmartTipsPro.framework in Frameworks */,
			);
			runOnlyForDeploymentPostprocessing = 0;
		};
		4D701B482C5146A000676AF7 /* Frameworks */ = {
			isa = PBXFrameworksBuildPhase;
			buildActionMask = 2147483647;
			files = (
				E48055E3B1EB28DB487B8F5A /* Pods_SmartTipsPro_SmartTipsProUITests.framework in Frameworks */,
			);
			runOnlyForDeploymentPostprocessing = 0;
		};
		4D701B572C5146B900676AF7 /* Frameworks */ = {
			isa = PBXFrameworksBuildPhase;
			buildActionMask = 2147483647;
			files = (
				A48C9A7C643FFA422C02F70B /* Pods_SmartTipsProTests.framework in Frameworks */,
			);
			runOnlyForDeploymentPostprocessing = 0;
		};
/* End PBXFrameworksBuildPhase section */

/* Begin PBXGroup section */
		4D015CAE2BFD5A6E00B095BF /* TipsStepper */ = {
			isa = PBXGroup;
			children = (
				4D015CAF2BFD5BAE00B095BF /* TipsStepper.swift */,
				4D015CB12BFD5BE700B095BF /* TipsStepper+MainButton.swift */,
			);
			path = TipsStepper;
			sourceTree = "<group>";
		};
		4D074C8C2C13CAED00AFEFD8 /* TipsCalculations */ = {
			isa = PBXGroup;
			children = (
				4D074C8A2C13CAE400AFEFD8 /* TipsCalculations.swift */,
			);
			path = TipsCalculations;
			sourceTree = "<group>";
		};
		4D159F832BC025D2003EC231 /* RatingExperience */ = {
			isa = PBXGroup;
			children = (
				4DC2F7F82BC5EB4C00E7E6A5 /* SentEmailView */,
				4D159F842BC025E9003EC231 /* RatingExperience.swift */,
			);
			path = RatingExperience;
			sourceTree = "<group>";
		};
		4D258AE02B9F4367003B9F8F /* Model */ = {
			isa = PBXGroup;
			children = (
				4D942A522C3F5BE20030138B /* RealmSwiftDatabase */,
				4D074C8C2C13CAED00AFEFD8 /* TipsCalculations */,
				4DB69D282BC4B2F0005B5B68 /* SentEmailModel */,
				4D47B8562BBC36B5008829DE /* Map */,
				4D9ACDF02BA3DC2E0075C3F6 /* Languages.swift */,
				4D9ACDF82BA7EAB50075C3F6 /* Localizations.swift */,
				4DE4D6202BAFCA5500160224 /* Icons.swift */,
				4DE4B8882BB9E9A300894158 /* Currencies.swift */,
			);
			path = Model;
			sourceTree = "<group>";
		};
		4D258AE12B9F4371003B9F8F /* View */ = {
			isa = PBXGroup;
			children = (
				4D6576DD2BF8CAB100A222C4 /* TipsCalulatorUI */,
				4D3152362BBD6BF300FB41BE /* AdditionsToTheTipGuide */,
				4DE4D62D2BB1199E00160224 /* AdditionsToTheSettings_UI */,
				4D416FB62B9F398B00333567 /* Main.storyboard */,
				4D416FBB2B9F399000333567 /* LaunchScreen.storyboard */,
				4D1C119C2B9FF21400FEAB9E /* FavouriteSwiftUIView.swift */,
			);
			path = View;
			sourceTree = "<group>";
		};
		4D258AE22B9F4378003B9F8F /* Controller */ = {
			isa = PBXGroup;
			children = (
				4DA44B722BA2668B005EC103 /* Splash */,
				4D416FB42B9F398B00333567 /* TipsCalulatorViewController.swift */,
				4D1C119A2B9FF10A00FEAB9E /* ShareViewController.swift */,
				4D548F3B2BA007F000D07A9E /* FavouriteViewController.swift */,
				4D548F3F2BA00BAA00D07A9E /* TipGuideViewController.swift */,
				4DA44B6D2BA264DB005EC103 /* SplashViewController.swift */,
				4D9ACDEA2BA37B340075C3F6 /* TabBarViewController.swift */,
				4D9ACDEE2BA38A300075C3F6 /* SettingsViewController.swift */,
			);
			path = Controller;
			sourceTree = "<group>";
		};
		4D258AE32B9F43DC003B9F8F /* Assets */ = {
			isa = PBXGroup;
			children = (
				4D47B85E2BBC39AC008829DE /* Map-svg */,
				4D3D71DA2BAD2D8900105F89 /* Icons */,
				4D416FB92B9F399000333567 /* Assets.xcassets */,
			);
			path = Assets;
			sourceTree = "<group>";
		};
		4D258AE42B9F43EB003B9F8F /* Delegates-System */ = {
			isa = PBXGroup;
			children = (
				4D416FB02B9F398B00333567 /* AppDelegate.swift */,
				4D416FB22B9F398B00333567 /* SceneDelegate.swift */,
			);
			path = "Delegates-System";
			sourceTree = "<group>";
		};
		4D3152362BBD6BF300FB41BE /* AdditionsToTheTipGuide */ = {
			isa = PBXGroup;
			children = (
				4D548F3D2BA00A8A00D07A9E /* TipGuideSwiftUIView.swift */,
				4D3152372BBD6C7300FB41BE /* ComponentsForTipGuide.swift */,
			);
			path = AdditionsToTheTipGuide;
			sourceTree = "<group>";
		};
		4D3D71DA2BAD2D8900105F89 /* Icons */ = {
			isa = PBXGroup;
			children = (
				4D3D72072BAE4CFD00105F89 /* Sea.png */,
				4D3D720A2BAE4CFD00105F89 /* Sea@2x.png */,
				4D3D72042BAE4CFD00105F89 /* Sea@3x.png */,
				4D3D72082BAE4CFD00105F89 /* Dark.png */,
				4D3D720C2BAE4CFD00105F89 /* Dark@2x.png */,
				4D3D720B2BAE4CFD00105F89 /* Dark@3x.png */,
				4D3D720E2BAE4CFD00105F89 /* Green.png */,
				4D3D71FF2BAE4CFD00105F89 /* Green@2x.png */,
				4D3D72012BAE4CFD00105F89 /* Green@3x.png */,
				4D3D72032BAE4CFD00105F89 /* Orange.png */,
				4D3D72092BAE4CFD00105F89 /* Orange@2x.png */,
				4D3D72102BAE4CFD00105F89 /* Orange@3x.png */,
				4D3D72002BAE4CFD00105F89 /* Teal.png */,
				4D3D72022BAE4CFD00105F89 /* Teal@2x.png */,
				4D3D720D2BAE4CFD00105F89 /* Teal@3x.png */,
				4D3D720F2BAE4CFD00105F89 /* Jaundiced.png */,
				4D3D72062BAE4CFD00105F89 /* Jaundiced@2x.png */,
				4D3D72052BAE4CFD00105F89 /* Jaundiced@3x.png */,
			);
			path = Icons;
			sourceTree = "<group>";
		};
		4D416FA42B9F398B00333567 = {
			isa = PBXGroup;
			children = (
				4D416FAF2B9F398B00333567 /* SmartTipsPro */,
				4D701B4C2C5146A000676AF7 /* SmartTipsProUITests */,
				4D701B5B2C5146B900676AF7 /* SmartTipsProTests */,
				4D416FAE2B9F398B00333567 /* Products */,
				86665EC783848114D02D9D70 /* Pods */,
				8918B0F3DF8CBF9042DF1972 /* Frameworks */,
			);
			sourceTree = "<group>";
		};
		4D416FAE2B9F398B00333567 /* Products */ = {
			isa = PBXGroup;
			children = (
				4D416FAD2B9F398B00333567 /* SmartTipsPro.app */,
				4D701B4B2C5146A000676AF7 /* SmartTipsProUITests.xctest */,
				4D701B5A2C5146B900676AF7 /* SmartTipsProTests.xctest */,
			);
			name = Products;
			sourceTree = "<group>";
		};
		4D416FAF2B9F398B00333567 /* SmartTipsPro */ = {
			isa = PBXGroup;
			children = (
				4DE4D6222BB10C2900160224 /* Extensions.swift */,
				4D9ACDF42BA7E7EC0075C3F6 /* Localization */,
				4D258AE42B9F43EB003B9F8F /* Delegates-System */,
				4D258AE32B9F43DC003B9F8F /* Assets */,
				4D258AE02B9F4367003B9F8F /* Model */,
				4D258AE12B9F4371003B9F8F /* View */,
				4D258AE22B9F4378003B9F8F /* Controller */,
				4D416FBE2B9F399000333567 /* Info.plist */,
				4D90AD2D2BCB76E7000C373E /* API-Keys */,
			);
			path = SmartTipsPro;
			sourceTree = "<group>";
		};
		4D47B8562BBC36B5008829DE /* Map */ = {
			isa = PBXGroup;
			children = (
				4D5E1BC62BBEC973003D03F1 /* JSON */,
				4D47B8572BBC36D4008829DE /* ParseringMap.swift */,
				4D47B8592BBC36DB008829DE /* DrawingMap.swift */,
				4D47B85B2BBC36E3008829DE /* ComponentsMap.swift */,
			);
			path = Map;
			sourceTree = "<group>";
		};
		4D47B85E2BBC39AC008829DE /* Map-svg */ = {
			isa = PBXGroup;
			children = (
				4D47B8622BBC3A1A008829DE /* world-low.svg */,
			);
			path = "Map-svg";
			sourceTree = "<group>";
		};
		4D4A4CFF2BA925F8001E6CE7 /* ModeChangeView */ = {
			isa = PBXGroup;
			children = (
				4DE8617C2BAA6F9F002B2475 /* ModeChangeView.swift */,
			);
			path = ModeChangeView;
			sourceTree = "<group>";
		};
		4D5716042BC614B200B0AD1C /* WhatIsNew */ = {
			isa = PBXGroup;
			children = (
				4D5716052BC614C100B0AD1C /* WhatIsNew.swift */,
			);
			path = WhatIsNew;
			sourceTree = "<group>";
		};
		4D5E1BC62BBEC973003D03F1 /* JSON */ = {
			isa = PBXGroup;
			children = (
				4D5E1BC72BBEC9C5003D03F1 /* tips-worldwide.json */,
			);
			path = JSON;
			sourceTree = "<group>";
		};
		4D6576DD2BF8CAB100A222C4 /* TipsCalulatorUI */ = {
			isa = PBXGroup;
			children = (
				4D015CAE2BFD5A6E00B095BF /* TipsStepper */,
				4D6576DB2BF8C8A700A222C4 /* TipsCalulatorUI.swift */,
				4D6576DE2BF8CD1600A222C4 /* CurrencyTipsTextField.swift */,
				4D6576E02BF8CD5000A222C4 /* CurrencyTipsUITextField.swift */,
				4DB7C8F92C0F75A9004049F0 /* AdditionsToMainUI.swift */,
			);
			path = TipsCalulatorUI;
			sourceTree = "<group>";
		};
		4D701B4C2C5146A000676AF7 /* SmartTipsProUITests */ = {
			isa = PBXGroup;
			children = (
				4D701B4D2C5146A000676AF7 /* SmartTipsProUITests.swift */,
				4D701B4F2C5146A000676AF7 /* SmartTipsProUITestsLaunchTests.swift */,
			);
			path = SmartTipsProUITests;
			sourceTree = "<group>";
		};
		4D701B5B2C5146B900676AF7 /* SmartTipsProTests */ = {
			isa = PBXGroup;
			children = (
				4D701B5C2C5146B900676AF7 /* SmartTipsProTests.swift */,
			);
			path = SmartTipsProTests;
			sourceTree = "<group>";
		};
		4D90AD2D2BCB76E7000C373E /* API-Keys */ = {
			isa = PBXGroup;
			children = (
				4D90AD292BCB7678000C373E /* Debug-Keys.plist */,
				4D90AD2B2BCB76BA000C373E /* Prod-Keys.plist */,
				4D90AD2E2BCB7721000C373E /* SecureSavingAPI.swift */,
			);
			path = "API-Keys";
			sourceTree = "<group>";
		};
		4D942A522C3F5BE20030138B /* RealmSwiftDatabase */ = {
			isa = PBXGroup;
			children = (
				4D942A532C3F5BFC0030138B /* TipsModelObject.swift */,
				4D942A552C3F5EEB0030138B /* TipsModel.swift */,
			);
			path = RealmSwiftDatabase;
			sourceTree = "<group>";
		};
		4D9ACDF42BA7E7EC0075C3F6 /* Localization */ = {
			isa = PBXGroup;
			children = (
				4D9ACDF52BA7E7FD0075C3F6 /* Localizable.strings */,
			);
			path = Localization;
			sourceTree = "<group>";
		};
		4DA44B722BA2668B005EC103 /* Splash */ = {
			isa = PBXGroup;
			children = (
				4DA44B732BA26706005EC103 /* SplashPresenter.swift */,
				4DC8AB822BA27DF9002AB3BF /* SplashAnimator.swift */,
			);
			path = Splash;
			sourceTree = "<group>";
		};
		4DB69D282BC4B2F0005B5B68 /* SentEmailModel */ = {
			isa = PBXGroup;
			children = (
				4DB69D2A2BC4B318005B5B68 /* ReviewEmail.swift */,
			);
			path = SentEmailModel;
			sourceTree = "<group>";
		};
		4DC2F7F82BC5EB4C00E7E6A5 /* SentEmailView */ = {
			isa = PBXGroup;
			children = (
				4DB69D302BC4B5FE005B5B68 /* MailSwiftUIView.swift */,
			);
			path = SentEmailView;
			sourceTree = "<group>";
		};
		4DE4B88A2BBA3ADC00894158 /* DefaultPercentage */ = {
			isa = PBXGroup;
			children = (
				4DE4B88B2BBA3B1200894158 /* DefaultPercentage.swift */,
			);
			path = DefaultPercentage;
			sourceTree = "<group>";
		};
		4DE4D6242BB1163800160224 /* ChangeApplicationIcon */ = {
			isa = PBXGroup;
			children = (
				4DE4D6252BB1164E00160224 /* ChangeApplicationIcon.swift */,
			);
			path = ChangeApplicationIcon;
			sourceTree = "<group>";
		};
		4DE4D6272BB116FA00160224 /* DetailLanguages */ = {
			isa = PBXGroup;
			children = (
				4DE4D6282BB1170600160224 /* DetailLanguages.swift */,
			);
			path = DetailLanguages;
			sourceTree = "<group>";
		};
		4DE4D62A2BB1185D00160224 /* CurrencyCodes */ = {
			isa = PBXGroup;
			children = (
				4DE4D62B2BB1186700160224 /* CurrencyCodes.swift */,
			);
			path = CurrencyCodes;
			sourceTree = "<group>";
		};
		4DE4D62D2BB1199E00160224 /* AdditionsToTheSettings_UI */ = {
			isa = PBXGroup;
			children = (
				4D9ACDEC2BA389450075C3F6 /* SettingsSwiftUIView.swift */,
				4D5716042BC614B200B0AD1C /* WhatIsNew */,
				4D159F832BC025D2003EC231 /* RatingExperience */,
				4DE4B88A2BBA3ADC00894158 /* DefaultPercentage */,
				4D4A4CFF2BA925F8001E6CE7 /* ModeChangeView */,
				4DE4D6242BB1163800160224 /* ChangeApplicationIcon */,
				4DE4D6272BB116FA00160224 /* DetailLanguages */,
				4DE4D62A2BB1185D00160224 /* CurrencyCodes */,
			);
			path = AdditionsToTheSettings_UI;
			sourceTree = "<group>";
		};
		86665EC783848114D02D9D70 /* Pods */ = {
			isa = PBXGroup;
			children = (
				66D13A445908EE0C19080139 /* Pods-SmartTipsPro.debug.xcconfig */,
				E08AE14A2CE0581629C6F8E8 /* Pods-SmartTipsPro.release.xcconfig */,
				F70ED1849E9EBA9286555301 /* Pods-SmartTipsPro-SmartTipsProUITests.debug.xcconfig */,
				AB06344BD68E0EA4D4B9D17F /* Pods-SmartTipsPro-SmartTipsProUITests.release.xcconfig */,
				014314FE7BD1A1DCEF89ACB1 /* Pods-SmartTipsProTests.debug.xcconfig */,
				0C15335BE4EC924E0072E041 /* Pods-SmartTipsProTests.release.xcconfig */,
			);
			path = Pods;
			sourceTree = "<group>";
		};
		8918B0F3DF8CBF9042DF1972 /* Frameworks */ = {
			isa = PBXGroup;
			children = (
				66814B6A8B0A2D1E1E0B13D7 /* Pods_SmartTipsPro.framework */,
				9522774089E11D67C038D407 /* Pods_SmartTipsPro_SmartTipsProUITests.framework */,
				8481DEEA97567B952409C36C /* Pods_SmartTipsProTests.framework */,
			);
			name = Frameworks;
			sourceTree = "<group>";
		};
/* End PBXGroup section */

/* Begin PBXNativeTarget section */
		4D416FAC2B9F398B00333567 /* SmartTipsPro */ = {
			isa = PBXNativeTarget;
			buildConfigurationList = 4D416FD72B9F399000333567 /* Build configuration list for PBXNativeTarget "SmartTipsPro" */;
			buildPhases = (
				C5F445F8B8C9D75A5B600B5B /* [CP] Check Pods Manifest.lock */,
				4D416FA92B9F398B00333567 /* Sources */,
				4D416FAA2B9F398B00333567 /* Frameworks */,
				4D416FAB2B9F398B00333567 /* Resources */,
				2768207727428214621BBAA2 /* [CP] Embed Pods Frameworks */,
			);
			buildRules = (
			);
			dependencies = (
			);
			name = SmartTipsPro;
			productName = Tips;
			productReference = 4D416FAD2B9F398B00333567 /* SmartTipsPro.app */;
			productType = "com.apple.product-type.application";
		};
		4D701B4A2C5146A000676AF7 /* SmartTipsProUITests */ = {
			isa = PBXNativeTarget;
			buildConfigurationList = 4D701B532C5146A000676AF7 /* Build configuration list for PBXNativeTarget "SmartTipsProUITests" */;
			buildPhases = (
				21A725A4941A550BD49366D7 /* [CP] Check Pods Manifest.lock */,
				4D701B472C5146A000676AF7 /* Sources */,
				4D701B482C5146A000676AF7 /* Frameworks */,
				4D701B492C5146A000676AF7 /* Resources */,
				EC736C2AA3A06BFC72428D49 /* [CP] Embed Pods Frameworks */,
			);
			buildRules = (
			);
			dependencies = (
				4D701B522C5146A000676AF7 /* PBXTargetDependency */,
			);
			name = SmartTipsProUITests;
			productName = SmartTipsProUITests;
			productReference = 4D701B4B2C5146A000676AF7 /* SmartTipsProUITests.xctest */;
			productType = "com.apple.product-type.bundle.ui-testing";
		};
		4D701B592C5146B900676AF7 /* SmartTipsProTests */ = {
			isa = PBXNativeTarget;
			buildConfigurationList = 4D701B602C5146B900676AF7 /* Build configuration list for PBXNativeTarget "SmartTipsProTests" */;
			buildPhases = (
				CAF27AEB16C970B52B708396 /* [CP] Check Pods Manifest.lock */,
				4D701B562C5146B900676AF7 /* Sources */,
				4D701B572C5146B900676AF7 /* Frameworks */,
				4D701B582C5146B900676AF7 /* Resources */,
			);
			buildRules = (
			);
			dependencies = (
				4D701B5F2C5146B900676AF7 /* PBXTargetDependency */,
			);
			name = SmartTipsProTests;
			productName = SmartTipsProTests;
			productReference = 4D701B5A2C5146B900676AF7 /* SmartTipsProTests.xctest */;
			productType = "com.apple.product-type.bundle.unit-test";
		};
/* End PBXNativeTarget section */

/* Begin PBXProject section */
		4D416FA52B9F398B00333567 /* Project object */ = {
			isa = PBXProject;
			attributes = {
				BuildIndependentTargetsInParallel = 1;
				LastSwiftUpdateCheck = 1540;
				LastUpgradeCheck = 1520;
				TargetAttributes = {
					4D416FAC2B9F398B00333567 = {
						CreatedOnToolsVersion = 15.2;
					};
					4D701B4A2C5146A000676AF7 = {
						CreatedOnToolsVersion = 15.4;
						TestTargetID = 4D416FAC2B9F398B00333567;
					};
					4D701B592C5146B900676AF7 = {
						CreatedOnToolsVersion = 15.4;
						TestTargetID = 4D416FAC2B9F398B00333567;
					};
				};
			};
			buildConfigurationList = 4D416FA82B9F398B00333567 /* Build configuration list for PBXProject "SmartTipsPro" */;
			compatibilityVersion = "Xcode 14.0";
			developmentRegion = en;
			hasScannedForEncodings = 0;
			knownRegions = (
				en,
				Base,
				pl,
				ru,
			);
			mainGroup = 4D416FA42B9F398B00333567;
			productRefGroup = 4D416FAE2B9F398B00333567 /* Products */;
			projectDirPath = "";
			projectRoot = "";
			targets = (
				4D416FAC2B9F398B00333567 /* SmartTipsPro */,
				4D701B4A2C5146A000676AF7 /* SmartTipsProUITests */,
				4D701B592C5146B900676AF7 /* SmartTipsProTests */,
			);
		};
/* End PBXProject section */

/* Begin PBXResourcesBuildPhase section */
		4D416FAB2B9F398B00333567 /* Resources */ = {
			isa = PBXResourcesBuildPhase;
			buildActionMask = 2147483647;
			files = (
				4D3D721C2BAE4CFD00105F89 /* Sea@2x.png in Resources */,
				4D5E1BC82BBEC9C5003D03F1 /* tips-worldwide.json in Resources */,
				4D416FBD2B9F399000333567 /* LaunchScreen.storyboard in Resources */,
				4D47B8642BBC3A1A008829DE /* world-low.svg in Resources */,
				4D3D721D2BAE4CFD00105F89 /* Dark@3x.png in Resources */,
				4D3D72162BAE4CFD00105F89 /* Sea@3x.png in Resources */,
				4D3D721F2BAE4CFD00105F89 /* Teal@3x.png in Resources */,
				4D3D72182BAE4CFD00105F89 /* Jaundiced@2x.png in Resources */,
				4D3D72112BAE4CFD00105F89 /* Green@2x.png in Resources */,
				4D90AD2C2BCB76BA000C373E /* Prod-Keys.plist in Resources */,
				4D3D72172BAE4CFD00105F89 /* Jaundiced@3x.png in Resources */,
				4D3D721B2BAE4CFD00105F89 /* Orange@2x.png in Resources */,
				4D3D72222BAE4CFD00105F89 /* Orange@3x.png in Resources */,
				4D9ACDF72BA7E7FD0075C3F6 /* Localizable.strings in Resources */,
				4D3D72192BAE4CFD00105F89 /* Sea.png in Resources */,
				4D90AD2A2BCB7678000C373E /* Debug-Keys.plist in Resources */,
				4D3D72132BAE4CFD00105F89 /* Green@3x.png in Resources */,
				4D3D721A2BAE4CFD00105F89 /* Dark.png in Resources */,
				4D3D72212BAE4CFD00105F89 /* Jaundiced.png in Resources */,
				4D416FBA2B9F399000333567 /* Assets.xcassets in Resources */,
				4D3D721E2BAE4CFD00105F89 /* Dark@2x.png in Resources */,
				4D416FB82B9F398B00333567 /* Main.storyboard in Resources */,
				4D3D72142BAE4CFD00105F89 /* Teal@2x.png in Resources */,
				4D3D72202BAE4CFD00105F89 /* Green.png in Resources */,
				4D3D72122BAE4CFD00105F89 /* Teal.png in Resources */,
				4D3D72152BAE4CFD00105F89 /* Orange.png in Resources */,
			);
			runOnlyForDeploymentPostprocessing = 0;
		};
		4D701B492C5146A000676AF7 /* Resources */ = {
			isa = PBXResourcesBuildPhase;
			buildActionMask = 2147483647;
			files = (
			);
			runOnlyForDeploymentPostprocessing = 0;
		};
		4D701B582C5146B900676AF7 /* Resources */ = {
			isa = PBXResourcesBuildPhase;
			buildActionMask = 2147483647;
			files = (
			);
			runOnlyForDeploymentPostprocessing = 0;
		};
/* End PBXResourcesBuildPhase section */

/* Begin PBXShellScriptBuildPhase section */
		21A725A4941A550BD49366D7 /* [CP] Check Pods Manifest.lock */ = {
			isa = PBXShellScriptBuildPhase;
			buildActionMask = 2147483647;
			files = (
			);
			inputFileListPaths = (
			);
			inputPaths = (
				"${PODS_PODFILE_DIR_PATH}/Podfile.lock",
				"${PODS_ROOT}/Manifest.lock",
			);
			name = "[CP] Check Pods Manifest.lock";
			outputFileListPaths = (
			);
			outputPaths = (
				"$(DERIVED_FILE_DIR)/Pods-SmartTipsPro-SmartTipsProUITests-checkManifestLockResult.txt",
			);
			runOnlyForDeploymentPostprocessing = 0;
			shellPath = /bin/sh;
			shellScript = "diff \"${PODS_PODFILE_DIR_PATH}/Podfile.lock\" \"${PODS_ROOT}/Manifest.lock\" > /dev/null\nif [ $? != 0 ] ; then\n    # print error to STDERR\n    echo \"error: The sandbox is not in sync with the Podfile.lock. Run 'pod install' or update your CocoaPods installation.\" >&2\n    exit 1\nfi\n# This output is used by Xcode 'outputs' to avoid re-running this script phase.\necho \"SUCCESS\" > \"${SCRIPT_OUTPUT_FILE_0}\"\n";
			showEnvVarsInLog = 0;
		};
		2768207727428214621BBAA2 /* [CP] Embed Pods Frameworks */ = {
			isa = PBXShellScriptBuildPhase;
			buildActionMask = 2147483647;
			files = (
			);
			inputFileListPaths = (
				"${PODS_ROOT}/Target Support Files/Pods-SmartTipsPro/Pods-SmartTipsPro-frameworks-${CONFIGURATION}-input-files.xcfilelist",
			);
			name = "[CP] Embed Pods Frameworks";
			outputFileListPaths = (
				"${PODS_ROOT}/Target Support Files/Pods-SmartTipsPro/Pods-SmartTipsPro-frameworks-${CONFIGURATION}-output-files.xcfilelist",
			);
			runOnlyForDeploymentPostprocessing = 0;
			shellPath = /bin/sh;
			shellScript = "\"${PODS_ROOT}/Target Support Files/Pods-SmartTipsPro/Pods-SmartTipsPro-frameworks.sh\"\n";
			showEnvVarsInLog = 0;
		};
		C5F445F8B8C9D75A5B600B5B /* [CP] Check Pods Manifest.lock */ = {
			isa = PBXShellScriptBuildPhase;
			buildActionMask = 2147483647;
			files = (
			);
			inputFileListPaths = (
			);
			inputPaths = (
				"${PODS_PODFILE_DIR_PATH}/Podfile.lock",
				"${PODS_ROOT}/Manifest.lock",
			);
			name = "[CP] Check Pods Manifest.lock";
			outputFileListPaths = (
			);
			outputPaths = (
				"$(DERIVED_FILE_DIR)/Pods-SmartTipsPro-checkManifestLockResult.txt",
			);
			runOnlyForDeploymentPostprocessing = 0;
			shellPath = /bin/sh;
			shellScript = "diff \"${PODS_PODFILE_DIR_PATH}/Podfile.lock\" \"${PODS_ROOT}/Manifest.lock\" > /dev/null\nif [ $? != 0 ] ; then\n    # print error to STDERR\n    echo \"error: The sandbox is not in sync with the Podfile.lock. Run 'pod install' or update your CocoaPods installation.\" >&2\n    exit 1\nfi\n# This output is used by Xcode 'outputs' to avoid re-running this script phase.\necho \"SUCCESS\" > \"${SCRIPT_OUTPUT_FILE_0}\"\n";
			showEnvVarsInLog = 0;
		};
		CAF27AEB16C970B52B708396 /* [CP] Check Pods Manifest.lock */ = {
			isa = PBXShellScriptBuildPhase;
			buildActionMask = 2147483647;
			files = (
			);
			inputFileListPaths = (
			);
			inputPaths = (
				"${PODS_PODFILE_DIR_PATH}/Podfile.lock",
				"${PODS_ROOT}/Manifest.lock",
			);
			name = "[CP] Check Pods Manifest.lock";
			outputFileListPaths = (
			);
			outputPaths = (
				"$(DERIVED_FILE_DIR)/Pods-SmartTipsProTests-checkManifestLockResult.txt",
			);
			runOnlyForDeploymentPostprocessing = 0;
			shellPath = /bin/sh;
			shellScript = "diff \"${PODS_PODFILE_DIR_PATH}/Podfile.lock\" \"${PODS_ROOT}/Manifest.lock\" > /dev/null\nif [ $? != 0 ] ; then\n    # print error to STDERR\n    echo \"error: The sandbox is not in sync with the Podfile.lock. Run 'pod install' or update your CocoaPods installation.\" >&2\n    exit 1\nfi\n# This output is used by Xcode 'outputs' to avoid re-running this script phase.\necho \"SUCCESS\" > \"${SCRIPT_OUTPUT_FILE_0}\"\n";
			showEnvVarsInLog = 0;
		};
		EC736C2AA3A06BFC72428D49 /* [CP] Embed Pods Frameworks */ = {
			isa = PBXShellScriptBuildPhase;
			buildActionMask = 2147483647;
			files = (
			);
			inputFileListPaths = (
				"${PODS_ROOT}/Target Support Files/Pods-SmartTipsPro-SmartTipsProUITests/Pods-SmartTipsPro-SmartTipsProUITests-frameworks-${CONFIGURATION}-input-files.xcfilelist",
			);
			name = "[CP] Embed Pods Frameworks";
			outputFileListPaths = (
				"${PODS_ROOT}/Target Support Files/Pods-SmartTipsPro-SmartTipsProUITests/Pods-SmartTipsPro-SmartTipsProUITests-frameworks-${CONFIGURATION}-output-files.xcfilelist",
			);
			runOnlyForDeploymentPostprocessing = 0;
			shellPath = /bin/sh;
			shellScript = "\"${PODS_ROOT}/Target Support Files/Pods-SmartTipsPro-SmartTipsProUITests/Pods-SmartTipsPro-SmartTipsProUITests-frameworks.sh\"\n";
			showEnvVarsInLog = 0;
		};
/* End PBXShellScriptBuildPhase section */

/* Begin PBXSourcesBuildPhase section */
		4D416FA92B9F398B00333567 /* Sources */ = {
			isa = PBXSourcesBuildPhase;
			buildActionMask = 2147483647;
			files = (
				4DE4B8892BB9E9A300894158 /* Currencies.swift in Sources */,
				4D416FB52B9F398B00333567 /* TipsCalulatorViewController.swift in Sources */,
				4DB69D312BC4B5FE005B5B68 /* MailSwiftUIView.swift in Sources */,
				4DA44B742BA26706005EC103 /* SplashPresenter.swift in Sources */,
				4D5716062BC614C100B0AD1C /* WhatIsNew.swift in Sources */,
				4DE8617D2BAA6F9F002B2475 /* ModeChangeView.swift in Sources */,
				4D92B8532BAA60A300539710 /* Localizations.swift in Sources */,
				4D548F402BA00BAA00D07A9E /* TipGuideViewController.swift in Sources */,
				4DC8AB832BA27DF9002AB3BF /* SplashAnimator.swift in Sources */,
				4D9ACDED2BA389450075C3F6 /* SettingsSwiftUIView.swift in Sources */,
				4DB7C8FA2C0F75A9004049F0 /* AdditionsToMainUI.swift in Sources */,
				4D6576DF2BF8CD1600A222C4 /* CurrencyTipsTextField.swift in Sources */,
				4D159F852BC025E9003EC231 /* RatingExperience.swift in Sources */,
				4DE4D6232BB10C2900160224 /* Extensions.swift in Sources */,
				4D9ACDEB2BA37B340075C3F6 /* TabBarViewController.swift in Sources */,
				4D6576DC2BF8C8A700A222C4 /* TipsCalulatorUI.swift in Sources */,
				4D015CB02BFD5BAE00B095BF /* TipsStepper.swift in Sources */,
				4D1C119D2B9FF21400FEAB9E /* FavouriteSwiftUIView.swift in Sources */,
				4DA44B6E2BA264DB005EC103 /* SplashViewController.swift in Sources */,
				4D015CB22BFD5BE700B095BF /* TipsStepper+MainButton.swift in Sources */,
				4D416FB12B9F398B00333567 /* AppDelegate.swift in Sources */,
				4D9ACDEF2BA38A300075C3F6 /* SettingsViewController.swift in Sources */,
				4D3152382BBD6C7300FB41BE /* ComponentsForTipGuide.swift in Sources */,
				4D942A562C3F5EEB0030138B /* TipsModel.swift in Sources */,
				4DE4D6262BB1164E00160224 /* ChangeApplicationIcon.swift in Sources */,
				4D47B85C2BBC36E3008829DE /* ComponentsMap.swift in Sources */,
				4DB69D2B2BC4B318005B5B68 /* ReviewEmail.swift in Sources */,
				4D1C119B2B9FF10A00FEAB9E /* ShareViewController.swift in Sources */,
				4D074C8B2C13CAE400AFEFD8 /* TipsCalculations.swift in Sources */,
				4D548F3E2BA00A8A00D07A9E /* TipGuideSwiftUIView.swift in Sources */,
				4D942A542C3F5BFC0030138B /* TipsModelObject.swift in Sources */,
				4D47B85A2BBC36DB008829DE /* DrawingMap.swift in Sources */,
				4DE4D6212BAFCA5500160224 /* Icons.swift in Sources */,
				4DE4D6292BB1170600160224 /* DetailLanguages.swift in Sources */,
				4D548F3C2BA007F000D07A9E /* FavouriteViewController.swift in Sources */,
				4D90AD2F2BCB7721000C373E /* SecureSavingAPI.swift in Sources */,
				4DE4D62C2BB1186700160224 /* CurrencyCodes.swift in Sources */,
				4D47B8582BBC36D4008829DE /* ParseringMap.swift in Sources */,
				4DE4B88C2BBA3B1200894158 /* DefaultPercentage.swift in Sources */,
				4D416FB32B9F398B00333567 /* SceneDelegate.swift in Sources */,
				4D6576E12BF8CD5000A222C4 /* CurrencyTipsUITextField.swift in Sources */,
				4D9ACDF12BA3DC2E0075C3F6 /* Languages.swift in Sources */,
			);
			runOnlyForDeploymentPostprocessing = 0;
		};
		4D701B472C5146A000676AF7 /* Sources */ = {
			isa = PBXSourcesBuildPhase;
			buildActionMask = 2147483647;
			files = (
				4D701B502C5146A000676AF7 /* SmartTipsProUITestsLaunchTests.swift in Sources */,
				4D701B4E2C5146A000676AF7 /* SmartTipsProUITests.swift in Sources */,
			);
			runOnlyForDeploymentPostprocessing = 0;
		};
		4D701B562C5146B900676AF7 /* Sources */ = {
			isa = PBXSourcesBuildPhase;
			buildActionMask = 2147483647;
			files = (
				4D701B5D2C5146B900676AF7 /* SmartTipsProTests.swift in Sources */,
			);
			runOnlyForDeploymentPostprocessing = 0;
		};
/* End PBXSourcesBuildPhase section */

/* Begin PBXTargetDependency section */
		4D701B522C5146A000676AF7 /* PBXTargetDependency */ = {
			isa = PBXTargetDependency;
			target = 4D416FAC2B9F398B00333567 /* SmartTipsPro */;
			targetProxy = 4D701B512C5146A000676AF7 /* PBXContainerItemProxy */;
		};
		4D701B5F2C5146B900676AF7 /* PBXTargetDependency */ = {
			isa = PBXTargetDependency;
			target = 4D416FAC2B9F398B00333567 /* SmartTipsPro */;
			targetProxy = 4D701B5E2C5146B900676AF7 /* PBXContainerItemProxy */;
		};
/* End PBXTargetDependency section */

/* Begin PBXVariantGroup section */
		4D416FB62B9F398B00333567 /* Main.storyboard */ = {
			isa = PBXVariantGroup;
			children = (
				4D416FB72B9F398B00333567 /* Base */,
				4D9ACDF32BA7E4DB0075C3F6 /* ru */,
				4D9ACDFD2BA8F7230075C3F6 /* en */,
				4D9ACDFF2BA8F8800075C3F6 /* pl */,
			);
			name = Main.storyboard;
			sourceTree = "<group>";
		};
		4D416FBB2B9F399000333567 /* LaunchScreen.storyboard */ = {
			isa = PBXVariantGroup;
			children = (
				4D416FBC2B9F399000333567 /* Base */,
			);
			name = LaunchScreen.storyboard;
			sourceTree = "<group>";
		};
		4D9ACDF52BA7E7FD0075C3F6 /* Localizable.strings */ = {
			isa = PBXVariantGroup;
			children = (
				4D9ACDF62BA7E7FD0075C3F6 /* en */,
				4D9ACDFA2BA8EE090075C3F6 /* pl */,
				4D9ACDFB2BA8EE0B0075C3F6 /* ru */,
			);
			name = Localizable.strings;
			sourceTree = "<group>";
		};
/* End PBXVariantGroup section */

/* Begin XCBuildConfiguration section */
		4D416FD52B9F399000333567 /* Debug */ = {
			isa = XCBuildConfiguration;
			buildSettings = {
				ALWAYS_SEARCH_USER_PATHS = NO;
				ASSETCATALOG_COMPILER_GENERATE_SWIFT_ASSET_SYMBOL_EXTENSIONS = YES;
				CLANG_ANALYZER_LOCALIZABILITY_NONLOCALIZED = YES;
				CLANG_ANALYZER_NONNULL = YES;
				CLANG_ANALYZER_NUMBER_OBJECT_CONVERSION = YES_AGGRESSIVE;
				CLANG_CXX_LANGUAGE_STANDARD = "gnu++20";
				CLANG_ENABLE_MODULES = YES;
				CLANG_ENABLE_OBJC_ARC = YES;
				CLANG_ENABLE_OBJC_WEAK = YES;
				CLANG_WARN_BLOCK_CAPTURE_AUTORELEASING = YES;
				CLANG_WARN_BOOL_CONVERSION = YES;
				CLANG_WARN_COMMA = YES;
				CLANG_WARN_CONSTANT_CONVERSION = YES;
				CLANG_WARN_DEPRECATED_OBJC_IMPLEMENTATIONS = YES;
				CLANG_WARN_DIRECT_OBJC_ISA_USAGE = YES_ERROR;
				CLANG_WARN_DOCUMENTATION_COMMENTS = YES;
				CLANG_WARN_EMPTY_BODY = YES;
				CLANG_WARN_ENUM_CONVERSION = YES;
				CLANG_WARN_INFINITE_RECURSION = YES;
				CLANG_WARN_INT_CONVERSION = YES;
				CLANG_WARN_NON_LITERAL_NULL_CONVERSION = YES;
				CLANG_WARN_OBJC_IMPLICIT_RETAIN_SELF = YES;
				CLANG_WARN_OBJC_LITERAL_CONVERSION = YES;
				CLANG_WARN_OBJC_ROOT_CLASS = YES_ERROR;
				CLANG_WARN_QUOTED_INCLUDE_IN_FRAMEWORK_HEADER = YES;
				CLANG_WARN_RANGE_LOOP_ANALYSIS = YES;
				CLANG_WARN_STRICT_PROTOTYPES = YES;
				CLANG_WARN_SUSPICIOUS_MOVE = YES;
				CLANG_WARN_UNGUARDED_AVAILABILITY = YES_AGGRESSIVE;
				CLANG_WARN_UNREACHABLE_CODE = YES;
				CLANG_WARN__DUPLICATE_METHOD_MATCH = YES;
				COPY_PHASE_STRIP = NO;
				DEBUG_INFORMATION_FORMAT = dwarf;
				ENABLE_STRICT_OBJC_MSGSEND = YES;
				ENABLE_TESTABILITY = YES;
				ENABLE_USER_SCRIPT_SANDBOXING = NO;
				GCC_C_LANGUAGE_STANDARD = gnu17;
				GCC_DYNAMIC_NO_PIC = NO;
				GCC_NO_COMMON_BLOCKS = YES;
				GCC_OPTIMIZATION_LEVEL = 0;
				GCC_PREPROCESSOR_DEFINITIONS = (
					"DEBUG=1",
					"$(inherited)",
				);
				GCC_WARN_64_TO_32_BIT_CONVERSION = YES;
				GCC_WARN_ABOUT_RETURN_TYPE = YES_ERROR;
				GCC_WARN_UNDECLARED_SELECTOR = YES;
				GCC_WARN_UNINITIALIZED_AUTOS = YES_AGGRESSIVE;
				GCC_WARN_UNUSED_FUNCTION = YES;
				GCC_WARN_UNUSED_VARIABLE = YES;
				IPHONEOS_DEPLOYMENT_TARGET = 17.0;
				LOCALIZATION_PREFERS_STRING_CATALOGS = YES;
				MTL_ENABLE_DEBUG_INFO = INCLUDE_SOURCE;
				MTL_FAST_MATH = YES;
				ONLY_ACTIVE_ARCH = YES;
				SDKROOT = iphoneos;
				SWIFT_ACTIVE_COMPILATION_CONDITIONS = "DEBUG $(inherited)";
				SWIFT_OPTIMIZATION_LEVEL = "-Onone";
				TARGETED_DEVICE_FAMILY = 1;
			};
			name = Debug;
		};
		4D416FD62B9F399000333567 /* Release */ = {
			isa = XCBuildConfiguration;
			buildSettings = {
				ALWAYS_SEARCH_USER_PATHS = NO;
				ASSETCATALOG_COMPILER_GENERATE_SWIFT_ASSET_SYMBOL_EXTENSIONS = YES;
				CLANG_ANALYZER_LOCALIZABILITY_NONLOCALIZED = YES;
				CLANG_ANALYZER_NONNULL = YES;
				CLANG_ANALYZER_NUMBER_OBJECT_CONVERSION = YES_AGGRESSIVE;
				CLANG_CXX_LANGUAGE_STANDARD = "gnu++20";
				CLANG_ENABLE_MODULES = YES;
				CLANG_ENABLE_OBJC_ARC = YES;
				CLANG_ENABLE_OBJC_WEAK = YES;
				CLANG_WARN_BLOCK_CAPTURE_AUTORELEASING = YES;
				CLANG_WARN_BOOL_CONVERSION = YES;
				CLANG_WARN_COMMA = YES;
				CLANG_WARN_CONSTANT_CONVERSION = YES;
				CLANG_WARN_DEPRECATED_OBJC_IMPLEMENTATIONS = YES;
				CLANG_WARN_DIRECT_OBJC_ISA_USAGE = YES_ERROR;
				CLANG_WARN_DOCUMENTATION_COMMENTS = YES;
				CLANG_WARN_EMPTY_BODY = YES;
				CLANG_WARN_ENUM_CONVERSION = YES;
				CLANG_WARN_INFINITE_RECURSION = YES;
				CLANG_WARN_INT_CONVERSION = YES;
				CLANG_WARN_NON_LITERAL_NULL_CONVERSION = YES;
				CLANG_WARN_OBJC_IMPLICIT_RETAIN_SELF = YES;
				CLANG_WARN_OBJC_LITERAL_CONVERSION = YES;
				CLANG_WARN_OBJC_ROOT_CLASS = YES_ERROR;
				CLANG_WARN_QUOTED_INCLUDE_IN_FRAMEWORK_HEADER = YES;
				CLANG_WARN_RANGE_LOOP_ANALYSIS = YES;
				CLANG_WARN_STRICT_PROTOTYPES = YES;
				CLANG_WARN_SUSPICIOUS_MOVE = YES;
				CLANG_WARN_UNGUARDED_AVAILABILITY = YES_AGGRESSIVE;
				CLANG_WARN_UNREACHABLE_CODE = YES;
				CLANG_WARN__DUPLICATE_METHOD_MATCH = YES;
				COPY_PHASE_STRIP = NO;
				DEBUG_INFORMATION_FORMAT = "dwarf-with-dsym";
				ENABLE_NS_ASSERTIONS = NO;
				ENABLE_STRICT_OBJC_MSGSEND = YES;
				ENABLE_USER_SCRIPT_SANDBOXING = NO;
				GCC_C_LANGUAGE_STANDARD = gnu17;
				GCC_NO_COMMON_BLOCKS = YES;
				GCC_WARN_64_TO_32_BIT_CONVERSION = YES;
				GCC_WARN_ABOUT_RETURN_TYPE = YES_ERROR;
				GCC_WARN_UNDECLARED_SELECTOR = YES;
				GCC_WARN_UNINITIALIZED_AUTOS = YES_AGGRESSIVE;
				GCC_WARN_UNUSED_FUNCTION = YES;
				GCC_WARN_UNUSED_VARIABLE = YES;
				IPHONEOS_DEPLOYMENT_TARGET = 17.0;
				LOCALIZATION_PREFERS_STRING_CATALOGS = YES;
				MTL_ENABLE_DEBUG_INFO = NO;
				MTL_FAST_MATH = YES;
				SDKROOT = iphoneos;
				SWIFT_COMPILATION_MODE = wholemodule;
				TARGETED_DEVICE_FAMILY = 1;
				VALIDATE_PRODUCT = YES;
			};
			name = Release;
		};
		4D416FD82B9F399000333567 /* Debug */ = {
			isa = XCBuildConfiguration;
			baseConfigurationReference = 66D13A445908EE0C19080139 /* Pods-SmartTipsPro.debug.xcconfig */;
			buildSettings = {
				ALWAYS_EMBED_SWIFT_STANDARD_LIBRARIES = YES;
				ASSETCATALOG_COMPILER_APPICON_NAME = AppIcon;
				ASSETCATALOG_COMPILER_GLOBAL_ACCENT_COLOR_NAME = AccentColor;
				CODE_SIGN_ENTITLEMENTS = "";
				CODE_SIGN_IDENTITY = "Apple Development";
				CODE_SIGN_STYLE = Automatic;
				CURRENT_PROJECT_VERSION = 3;
				DEVELOPMENT_TEAM = 3JQPLE5ZEK;
				ENABLE_USER_SCRIPT_SANDBOXING = NO;
				GENERATE_INFOPLIST_FILE = YES;
				INFOPLIST_FILE = SmartTipsPro/Info.plist;
				INFOPLIST_KEY_CFBundleDisplayName = "Smart Tips Pro";
				INFOPLIST_KEY_LSApplicationCategoryType = "public.app-category.finance";
				INFOPLIST_KEY_UIApplicationSupportsIndirectInputEvents = YES;
				INFOPLIST_KEY_UILaunchStoryboardName = LaunchScreen.storyboard;
				INFOPLIST_KEY_UIMainStoryboardFile = Main;
				INFOPLIST_KEY_UIRequiresFullScreen = YES;
				INFOPLIST_KEY_UISupportedInterfaceOrientations = UIInterfaceOrientationPortrait;
				IPHONEOS_DEPLOYMENT_TARGET = 17.0;
				LD_RUNPATH_SEARCH_PATHS = (
					"$(inherited)",
					"@executable_path/Frameworks",
				);
				MARKETING_VERSION = 1.0.2;
				OTHER_LDFLAGS = (
					"$(inherited)",
					"-framework",
					"\"Alamofire\"",
					"-framework",
					"\"CFNetwork\"",
					"-framework",
					"\"Device\"",
					"-framework",
					"\"Realm\"",
					"-framework",
					"\"RealmSwift\"",
					"-framework",
					"\"Security\"",
					"-framework",
					"\"SwiftMessages\"",
					"-framework",
					"\"UIKit\"",
					"-weak_framework",
					"\"SwiftUI\"",
					"-weak_framework",
					"\"UIKit\"",
					"\"-Wl,-no_warn_duplicate_libraries\"",
				);
				PRODUCT_BUNDLE_IDENTIFIER = "pl.Raman-Kozar.SmartTipsPro";
				PRODUCT_NAME = "$(TARGET_NAME)";
				PROVISIONING_PROFILE_SPECIFIER = "";
				SWIFT_EMIT_LOC_STRINGS = YES;
				SWIFT_VERSION = 5.0;
				TARGETED_DEVICE_FAMILY = 1;
			};
			name = Debug;
		};
		4D416FD92B9F399000333567 /* Release */ = {
			isa = XCBuildConfiguration;
			baseConfigurationReference = E08AE14A2CE0581629C6F8E8 /* Pods-SmartTipsPro.release.xcconfig */;
			buildSettings = {
				ALWAYS_EMBED_SWIFT_STANDARD_LIBRARIES = YES;
				ASSETCATALOG_COMPILER_APPICON_NAME = AppIcon;
				ASSETCATALOG_COMPILER_GLOBAL_ACCENT_COLOR_NAME = AccentColor;
				CODE_SIGN_ENTITLEMENTS = "";
				CODE_SIGN_IDENTITY = "Apple Development";
				CODE_SIGN_STYLE = Automatic;
				CURRENT_PROJECT_VERSION = 3;
				DEVELOPMENT_TEAM = 3JQPLE5ZEK;
				ENABLE_USER_SCRIPT_SANDBOXING = NO;
				GENERATE_INFOPLIST_FILE = YES;
				INFOPLIST_FILE = SmartTipsPro/Info.plist;
				INFOPLIST_KEY_CFBundleDisplayName = "Smart Tips Pro";
				INFOPLIST_KEY_LSApplicationCategoryType = "public.app-category.finance";
				INFOPLIST_KEY_UIApplicationSupportsIndirectInputEvents = YES;
				INFOPLIST_KEY_UILaunchStoryboardName = LaunchScreen.storyboard;
				INFOPLIST_KEY_UIMainStoryboardFile = Main;
				INFOPLIST_KEY_UIRequiresFullScreen = YES;
				INFOPLIST_KEY_UISupportedInterfaceOrientations = UIInterfaceOrientationPortrait;
				IPHONEOS_DEPLOYMENT_TARGET = 17.0;
				LD_RUNPATH_SEARCH_PATHS = (
					"$(inherited)",
					"@executable_path/Frameworks",
				);
				MARKETING_VERSION = 1.0.2;
				OTHER_LDFLAGS = (
					"$(inherited)",
					"-framework",
					"\"Alamofire\"",
					"-framework",
					"\"CFNetwork\"",
					"-framework",
					"\"Device\"",
					"-framework",
					"\"Realm\"",
					"-framework",
					"\"RealmSwift\"",
					"-framework",
					"\"Security\"",
					"-framework",
					"\"SwiftMessages\"",
					"-framework",
					"\"UIKit\"",
					"-weak_framework",
					"\"SwiftUI\"",
					"-weak_framework",
					"\"UIKit\"",
					"\"-Wl,-no_warn_duplicate_libraries\"",
				);
				PRODUCT_BUNDLE_IDENTIFIER = "pl.Raman-Kozar.SmartTipsPro";
				PRODUCT_NAME = "$(TARGET_NAME)";
				PROVISIONING_PROFILE_SPECIFIER = "";
				SWIFT_EMIT_LOC_STRINGS = YES;
				SWIFT_VERSION = 5.0;
				TARGETED_DEVICE_FAMILY = 1;
			};
			name = Release;
		};
		4D701B542C5146A000676AF7 /* Debug */ = {
			isa = XCBuildConfiguration;
			baseConfigurationReference = F70ED1849E9EBA9286555301 /* Pods-SmartTipsPro-SmartTipsProUITests.debug.xcconfig */;
			buildSettings = {
				CODE_SIGN_STYLE = Automatic;
				CURRENT_PROJECT_VERSION = 1;
				DEVELOPMENT_TEAM = 3JQPLE5ZEK;
				ENABLE_USER_SCRIPT_SANDBOXING = NO;
				GENERATE_INFOPLIST_FILE = YES;
				IPHONEOS_DEPLOYMENT_TARGET = 17.0;
				MARKETING_VERSION = 1.0;
				PRODUCT_BUNDLE_IDENTIFIER = "pl.Raman-Kozar.SmartTipsProUITests";
				PRODUCT_NAME = "$(TARGET_NAME)";
				SWIFT_EMIT_LOC_STRINGS = NO;
				SWIFT_VERSION = 5.0;
				TARGETED_DEVICE_FAMILY = 1;
				TEST_TARGET_NAME = SmartTipsPro;
			};
			name = Debug;
		};
		4D701B552C5146A000676AF7 /* Release */ = {
			isa = XCBuildConfiguration;
			baseConfigurationReference = AB06344BD68E0EA4D4B9D17F /* Pods-SmartTipsPro-SmartTipsProUITests.release.xcconfig */;
			buildSettings = {
				CODE_SIGN_STYLE = Automatic;
				CURRENT_PROJECT_VERSION = 1;
				DEVELOPMENT_TEAM = 3JQPLE5ZEK;
				ENABLE_USER_SCRIPT_SANDBOXING = NO;
				GENERATE_INFOPLIST_FILE = YES;
				IPHONEOS_DEPLOYMENT_TARGET = 17.0;
				MARKETING_VERSION = 1.0;
				PRODUCT_BUNDLE_IDENTIFIER = "pl.Raman-Kozar.SmartTipsProUITests";
				PRODUCT_NAME = "$(TARGET_NAME)";
				SWIFT_EMIT_LOC_STRINGS = NO;
				SWIFT_VERSION = 5.0;
				TARGETED_DEVICE_FAMILY = 1;
				TEST_TARGET_NAME = SmartTipsPro;
			};
			name = Release;
		};
		4D701B612C5146B900676AF7 /* Debug */ = {
			isa = XCBuildConfiguration;
			baseConfigurationReference = 014314FE7BD1A1DCEF89ACB1 /* Pods-SmartTipsProTests.debug.xcconfig */;
			buildSettings = {
				BUNDLE_LOADER = "$(TEST_HOST)";
				CODE_SIGN_STYLE = Automatic;
				CURRENT_PROJECT_VERSION = 1;
				DEVELOPMENT_TEAM = 3JQPLE5ZEK;
				ENABLE_USER_SCRIPT_SANDBOXING = NO;
				GENERATE_INFOPLIST_FILE = YES;
				IPHONEOS_DEPLOYMENT_TARGET = 17.0;
				MARKETING_VERSION = 1.0;
				PRODUCT_BUNDLE_IDENTIFIER = "pl.Raman-Kozar.SmartTipsProTests";
				PRODUCT_NAME = "$(TARGET_NAME)";
				SWIFT_EMIT_LOC_STRINGS = NO;
				SWIFT_VERSION = 5.0;
				TARGETED_DEVICE_FAMILY = 1;
				TEST_HOST = "$(BUILT_PRODUCTS_DIR)/SmartTipsPro.app/$(BUNDLE_EXECUTABLE_FOLDER_PATH)/SmartTipsPro";
			};
			name = Debug;
		};
		4D701B622C5146B900676AF7 /* Release */ = {
			isa = XCBuildConfiguration;
			baseConfigurationReference = 0C15335BE4EC924E0072E041 /* Pods-SmartTipsProTests.release.xcconfig */;
			buildSettings = {
				BUNDLE_LOADER = "$(TEST_HOST)";
				CODE_SIGN_STYLE = Automatic;
				CURRENT_PROJECT_VERSION = 1;
				DEVELOPMENT_TEAM = 3JQPLE5ZEK;
				ENABLE_USER_SCRIPT_SANDBOXING = NO;
				GENERATE_INFOPLIST_FILE = YES;
				IPHONEOS_DEPLOYMENT_TARGET = 17.0;
				MARKETING_VERSION = 1.0;
				PRODUCT_BUNDLE_IDENTIFIER = "pl.Raman-Kozar.SmartTipsProTests";
				PRODUCT_NAME = "$(TARGET_NAME)";
				SWIFT_EMIT_LOC_STRINGS = NO;
				SWIFT_VERSION = 5.0;
				TARGETED_DEVICE_FAMILY = 1;
				TEST_HOST = "$(BUILT_PRODUCTS_DIR)/SmartTipsPro.app/$(BUNDLE_EXECUTABLE_FOLDER_PATH)/SmartTipsPro";
			};
			name = Release;
		};
/* End XCBuildConfiguration section */

/* Begin XCConfigurationList section */
		4D416FA82B9F398B00333567 /* Build configuration list for PBXProject "SmartTipsPro" */ = {
			isa = XCConfigurationList;
			buildConfigurations = (
				4D416FD52B9F399000333567 /* Debug */,
				4D416FD62B9F399000333567 /* Release */,
			);
			defaultConfigurationIsVisible = 0;
			defaultConfigurationName = Release;
		};
		4D416FD72B9F399000333567 /* Build configuration list for PBXNativeTarget "SmartTipsPro" */ = {
			isa = XCConfigurationList;
			buildConfigurations = (
				4D416FD82B9F399000333567 /* Debug */,
				4D416FD92B9F399000333567 /* Release */,
			);
			defaultConfigurationIsVisible = 0;
			defaultConfigurationName = Release;
		};
		4D701B532C5146A000676AF7 /* Build configuration list for PBXNativeTarget "SmartTipsProUITests" */ = {
			isa = XCConfigurationList;
			buildConfigurations = (
				4D701B542C5146A000676AF7 /* Debug */,
				4D701B552C5146A000676AF7 /* Release */,
			);
			defaultConfigurationIsVisible = 0;
			defaultConfigurationName = Release;
		};
		4D701B602C5146B900676AF7 /* Build configuration list for PBXNativeTarget "SmartTipsProTests" */ = {
			isa = XCConfigurationList;
			buildConfigurations = (
				4D701B612C5146B900676AF7 /* Debug */,
				4D701B622C5146B900676AF7 /* Release */,
			);
			defaultConfigurationIsVisible = 0;
			defaultConfigurationName = Release;
		};
/* End XCConfigurationList section */
	};
	rootObject = 4D416FA52B9F398B00333567 /* Project object */;
}
